// !$*UTF8*$!
{
	archiveVersion = 1;
	classes = {
	};
	objectVersion = 55;
	objects = {

/* Begin PBXBuildFile section */
		201077EF27D39FFB00280991 /* Challenge.swift in Sources */ = {isa = PBXBuildFile; fileRef = 201077EE27D39FFB00280991 /* Challenge.swift */; };
		201077F227D3A97A00280991 /* BaseViewController.swift in Sources */ = {isa = PBXBuildFile; fileRef = 201077F127D3A97A00280991 /* BaseViewController.swift */; };
		201077F427D3AA9800280991 /* ChallengeView.swift in Sources */ = {isa = PBXBuildFile; fileRef = 201077F327D3AA9800280991 /* ChallengeView.swift */; };
		201077F827D3BF4B00280991 /* Array+Ext.swift in Sources */ = {isa = PBXBuildFile; fileRef = 201077F727D3BF4B00280991 /* Array+Ext.swift */; };
		201077FC27D3D26E00280991 /* BaseTableViewCell.swift in Sources */ = {isa = PBXBuildFile; fileRef = 201077FB27D3D26E00280991 /* BaseTableViewCell.swift */; };
		201077FE27D3D2AC00280991 /* ChallengeCell.swift in Sources */ = {isa = PBXBuildFile; fileRef = 201077FD27D3D2AC00280991 /* ChallengeCell.swift */; };
		2010780227D3D59F00280991 /* UITableViewCell+Ext.swift in Sources */ = {isa = PBXBuildFile; fileRef = 2010780127D3D59F00280991 /* UITableViewCell+Ext.swift */; };
		2010780427D3D62300280991 /* UITableView+Ext.swift in Sources */ = {isa = PBXBuildFile; fileRef = 2010780327D3D62300280991 /* UITableView+Ext.swift */; };
		2010780827D48FDD00280991 /* Int+Ext.swift in Sources */ = {isa = PBXBuildFile; fileRef = 2010780727D48FDD00280991 /* Int+Ext.swift */; };
		204320C928367AD300E6FD06 /* .swiftlint.yml in Resources */ = {isa = PBXBuildFile; fileRef = 204320C828367AD300E6FD06 /* .swiftlint.yml */; };
		2090811827CA4F56005A1573 /* HomeViewController.swift in Sources */ = {isa = PBXBuildFile; fileRef = 2090811727CA4F56005A1573 /* HomeViewController.swift */; };
		2090811A27CA4F61005A1573 /* ChallengeViewController.swift in Sources */ = {isa = PBXBuildFile; fileRef = 2090811927CA4F61005A1573 /* ChallengeViewController.swift */; };
		2090811C27CA4F6B005A1573 /* StoreViewController.swift in Sources */ = {isa = PBXBuildFile; fileRef = 2090811B27CA4F6B005A1573 /* StoreViewController.swift */; };
		2090811E27CA4F77005A1573 /* MyViewController.swift in Sources */ = {isa = PBXBuildFile; fileRef = 2090811D27CA4F77005A1573 /* MyViewController.swift */; };
		20A72D1E280BC4EE006689FC /* BaseCollectionViewCell.swift in Sources */ = {isa = PBXBuildFile; fileRef = 20A72D1D280BC4EE006689FC /* BaseCollectionViewCell.swift */; };
		20AF1007285F2C74005C73EC /* KKDSKit in Frameworks */ = {isa = PBXBuildFile; productRef = 20AF1006285F2C74005C73EC /* KKDSKit */; };
		20D28F8027CFC5E800A809DB /* ChallengeInteractor.swift in Sources */ = {isa = PBXBuildFile; fileRef = 20D28F7F27CFC5E800A809DB /* ChallengeInteractor.swift */; };
		20D28F8227CFC5F000A809DB /* ChallengePresenter.swift in Sources */ = {isa = PBXBuildFile; fileRef = 20D28F8127CFC5F000A809DB /* ChallengePresenter.swift */; };
		20D28F8427CFC60900A809DB /* ChallengeRouter.swift in Sources */ = {isa = PBXBuildFile; fileRef = 20D28F8327CFC60900A809DB /* ChallengeRouter.swift */; };
		20D28F8627CFC7B300A809DB /* ChallengeWorker.swift in Sources */ = {isa = PBXBuildFile; fileRef = 20D28F8527CFC7B300A809DB /* ChallengeWorker.swift */; };
		20EAE2972814054F009242A1 /* ChellengeRepository.swift in Sources */ = {isa = PBXBuildFile; fileRef = 20EAE2962814054F009242A1 /* ChellengeRepository.swift */; };
		34F6FB7E518CFAF1AD6C3455 /* Pods_KnockKnock_iOS.framework in Frameworks */ = {isa = PBXBuildFile; fileRef = 2EDAE2B5F785D77504C7A50F /* Pods_KnockKnock_iOS.framework */; };
		6105079428B4EE7E00C1B5CF /* HomeWorker.swift in Sources */ = {isa = PBXBuildFile; fileRef = 6105079328B4EE7E00C1B5CF /* HomeWorker.swift */; };
		6105079628B4EE9F00C1B5CF /* HomeRouter.swift in Sources */ = {isa = PBXBuildFile; fileRef = 6105079528B4EE9F00C1B5CF /* HomeRouter.swift */; };
		6105079828B4EEA800C1B5CF /* HomeInteractor.swift in Sources */ = {isa = PBXBuildFile; fileRef = 6105079728B4EEA800C1B5CF /* HomeInteractor.swift */; };
		6105079A28B4EEDF00C1B5CF /* HomePresenter.swift in Sources */ = {isa = PBXBuildFile; fileRef = 6105079928B4EEDF00C1B5CF /* HomePresenter.swift */; };
		6105D2F428AFD51A001413DF /* OngoingEventListViewController.swift in Sources */ = {isa = PBXBuildFile; fileRef = 6105D2F328AFD51A001413DF /* OngoingEventListViewController.swift */; };
		6105D2F628AFD544001413DF /* EventListView.swift in Sources */ = {isa = PBXBuildFile; fileRef = 6105D2F528AFD544001413DF /* EventListView.swift */; };
		6105D2F828AFD573001413DF /* ClosedEventListViewController.swift in Sources */ = {isa = PBXBuildFile; fileRef = 6105D2F728AFD573001413DF /* ClosedEventListViewController.swift */; };
		611BD4A327E3017E007D5C79 /* FeedWriteViewController.swift in Sources */ = {isa = PBXBuildFile; fileRef = 611BD4A227E3017E007D5C79 /* FeedWriteViewController.swift */; };
		611BD4A527E3080B007D5C79 /* FeedWriteView.swift in Sources */ = {isa = PBXBuildFile; fileRef = 611BD4A427E3080B007D5C79 /* FeedWriteView.swift */; };
		611BD4AA27E48B93007D5C79 /* FeedWriteInteractor.swift in Sources */ = {isa = PBXBuildFile; fileRef = 611BD4A927E48B93007D5C79 /* FeedWriteInteractor.swift */; };
		611BD4AC27E48B9F007D5C79 /* FeedWritePresenter.swift in Sources */ = {isa = PBXBuildFile; fileRef = 611BD4AB27E48B9F007D5C79 /* FeedWritePresenter.swift */; };
		611BD4AE27E48F37007D5C79 /* UIColor+Ext.swift in Sources */ = {isa = PBXBuildFile; fileRef = 611BD4AD27E48F37007D5C79 /* UIColor+Ext.swift */; };
		611BD4B027E49024007D5C79 /* FeedWriteWorker.swift in Sources */ = {isa = PBXBuildFile; fileRef = 611BD4AF27E49024007D5C79 /* FeedWriteWorker.swift */; };
		611BD4B227E4903A007D5C79 /* FeedWriteRouter.swift in Sources */ = {isa = PBXBuildFile; fileRef = 611BD4B127E4903A007D5C79 /* FeedWriteRouter.swift */; };
		611BD4B827E6DD5F007D5C79 /* PropertyCell.swift in Sources */ = {isa = PBXBuildFile; fileRef = 611BD4B727E6DD5F007D5C79 /* PropertyCell.swift */; };
		611BD4BA27E702F5007D5C79 /* PropertySelectView.swift in Sources */ = {isa = PBXBuildFile; fileRef = 611BD4B927E702F5007D5C79 /* PropertySelectView.swift */; };
		611BD4BC27E70393007D5C79 /* PropertySelectViewController.swift in Sources */ = {isa = PBXBuildFile; fileRef = 611BD4BB27E70393007D5C79 /* PropertySelectViewController.swift */; };
		611BD4C127E767CE007D5C79 /* shopSearchView.swift in Sources */ = {isa = PBXBuildFile; fileRef = 611BD4C027E767CE007D5C79 /* shopSearchView.swift */; };
		61215AC5284F856D003FDCAA /* KKNetworkManager.swift in Sources */ = {isa = PBXBuildFile; fileRef = 61215AC4284F856D003FDCAA /* KKNetworkManager.swift */; };
		61215AC928507D51003FDCAA /* KKRouter.swift in Sources */ = {isa = PBXBuildFile; fileRef = 61215AC828507D51003FDCAA /* KKRouter.swift */; };
		61215ACB2852D5B5003FDCAA /* APIConstants.swift in Sources */ = {isa = PBXBuildFile; fileRef = 61215ACA2852D5B5003FDCAA /* APIConstants.swift */; };
		61215AD028559B6E003FDCAA /* UICollectionViewCell+Ext.swift in Sources */ = {isa = PBXBuildFile; fileRef = 61215ACF28559B6E003FDCAA /* UICollectionViewCell+Ext.swift */; };
		61215AD328559BD0003FDCAA /* UICollectionView+Ext.swift in Sources */ = {isa = PBXBuildFile; fileRef = 61215AD228559BD0003FDCAA /* UICollectionView+Ext.swift */; };
		61215ADE28571E20003FDCAA /* FeedView.swift in Sources */ = {isa = PBXBuildFile; fileRef = 61215ADD28571E20003FDCAA /* FeedView.swift */; };
		61215AE228572055003FDCAA /* FeedViewController.swift in Sources */ = {isa = PBXBuildFile; fileRef = 61215AE128572055003FDCAA /* FeedViewController.swift */; };
		61215AE428577933003FDCAA /* FeedCell.swift in Sources */ = {isa = PBXBuildFile; fileRef = 61215AE328577933003FDCAA /* FeedCell.swift */; };
		61215AE628577A9C003FDCAA /* TagCell.swift in Sources */ = {isa = PBXBuildFile; fileRef = 61215AE528577A9C003FDCAA /* TagCell.swift */; };
		613856C3289553CB00BE347E /* FeedDetailInteractor.swift in Sources */ = {isa = PBXBuildFile; fileRef = 613856C2289553CB00BE347E /* FeedDetailInteractor.swift */; };
		613856C52895548D00BE347E /* FeedDetailPresenter.swift in Sources */ = {isa = PBXBuildFile; fileRef = 613856C42895548D00BE347E /* FeedDetailPresenter.swift */; };
		613856C7289554E600BE347E /* FeedDetailWorker.swift in Sources */ = {isa = PBXBuildFile; fileRef = 613856C6289554E600BE347E /* FeedDetailWorker.swift */; };
		613856C92895554100BE347E /* FeedDetailRouter.swift in Sources */ = {isa = PBXBuildFile; fileRef = 613856C82895554100BE347E /* FeedDetailRouter.swift */; };
		613856CD2898B64000BE347E /* Like.swift in Sources */ = {isa = PBXBuildFile; fileRef = 613856CC2898B64000BE347E /* Like.swift */; };
		613856CF2898B6D500BE347E /* LikeRepository.swift in Sources */ = {isa = PBXBuildFile; fileRef = 613856CE2898B6D500BE347E /* LikeRepository.swift */; };
		613856D12898CB1300BE347E /* FeedDetailNavigtaionBarView.swift in Sources */ = {isa = PBXBuildFile; fileRef = 613856D02898CB1300BE347E /* FeedDetailNavigtaionBarView.swift */; };
		613856D6289900FE00BE347E /* SnapKit in Frameworks */ = {isa = PBXBuildFile; productRef = 613856D5289900FE00BE347E /* SnapKit */; };
		613856D82899015000BE347E /* HomeMainCell.swift in Sources */ = {isa = PBXBuildFile; fileRef = 613856D72899015000BE347E /* HomeMainCell.swift */; };
		613856DB289948F500BE347E /* StoreCell.swift in Sources */ = {isa = PBXBuildFile; fileRef = 613856DA289948F500BE347E /* StoreCell.swift */; };
		613856DE289A795200BE347E /* HomeHeaderCollectionReusableView.swift in Sources */ = {isa = PBXBuildFile; fileRef = 613856DD289A795200BE347E /* HomeHeaderCollectionReusableView.swift */; };
		613856E0289B5CF200BE347E /* BannerCell.swift in Sources */ = {isa = PBXBuildFile; fileRef = 613856DF289B5CF200BE347E /* BannerCell.swift */; };
		613856E4289CCA0F00BE347E /* PopularPostCell.swift in Sources */ = {isa = PBXBuildFile; fileRef = 613856E3289CCA0F00BE347E /* PopularPostCell.swift */; };
		613856E6289CCE4800BE347E /* PopularFooterCollectionReusableView.swift in Sources */ = {isa = PBXBuildFile; fileRef = 613856E5289CCE4800BE347E /* PopularFooterCollectionReusableView.swift */; };
		613856E8289CD43F00BE347E /* EventCell.swift in Sources */ = {isa = PBXBuildFile; fileRef = 613856E7289CD43F00BE347E /* EventCell.swift */; };
		613856EA289E664A00BE347E /* LikeDetailCell.swift in Sources */ = {isa = PBXBuildFile; fileRef = 613856E9289E664A00BE347E /* LikeDetailCell.swift */; };
		613856EC289F738D00BE347E /* HomeMainPagerCell.swift in Sources */ = {isa = PBXBuildFile; fileRef = 613856EB289F738D00BE347E /* HomeMainPagerCell.swift */; };
		6143294D285DD2A0008BDCC9 /* FooterCollectionReusableView.swift in Sources */ = {isa = PBXBuildFile; fileRef = 6143294C285DD2A0008BDCC9 /* FooterCollectionReusableView.swift */; };
		6143294F285F2BCF008BDCC9 /* BasePaddingLabel.swift in Sources */ = {isa = PBXBuildFile; fileRef = 6143294E285F2BCF008BDCC9 /* BasePaddingLabel.swift */; };
		614329552862EFE0008BDCC9 /* FeedListView.swift in Sources */ = {isa = PBXBuildFile; fileRef = 614329542862EFE0008BDCC9 /* FeedListView.swift */; };
		614329572862EFF1008BDCC9 /* FeedListViewController.swift in Sources */ = {isa = PBXBuildFile; fileRef = 614329562862EFF1008BDCC9 /* FeedListViewController.swift */; };
		614329592862F273008BDCC9 /* FeedListCell.swift in Sources */ = {isa = PBXBuildFile; fileRef = 614329582862F273008BDCC9 /* FeedListCell.swift */; };
		6143295C2862F6BB008BDCC9 /* FeedRouter.swift in Sources */ = {isa = PBXBuildFile; fileRef = 6143295B2862F6BB008BDCC9 /* FeedRouter.swift */; };
		6143295E2862F6CC008BDCC9 /* FeedPresenter.swift in Sources */ = {isa = PBXBuildFile; fileRef = 6143295D2862F6CC008BDCC9 /* FeedPresenter.swift */; };
		614329602862F6DB008BDCC9 /* FeedInteractor.swift in Sources */ = {isa = PBXBuildFile; fileRef = 6143295F2862F6DB008BDCC9 /* FeedInteractor.swift */; };
		614329622862F6E3008BDCC9 /* FeedWorker.swift in Sources */ = {isa = PBXBuildFile; fileRef = 614329612862F6E3008BDCC9 /* FeedWorker.swift */; };
		6143296628642745008BDCC9 /* UILabel+Ext.swift in Sources */ = {isa = PBXBuildFile; fileRef = 6143296528642745008BDCC9 /* UILabel+Ext.swift */; };
		6143296828644187008BDCC9 /* Feed.swift in Sources */ = {isa = PBXBuildFile; fileRef = 6143296728644187008BDCC9 /* Feed.swift */; };
		6143296A28644458008BDCC9 /* FeedRepository.swift in Sources */ = {isa = PBXBuildFile; fileRef = 6143296928644458008BDCC9 /* FeedRepository.swift */; };
		6143297628687B56008BDCC9 /* FeedListWorker.swift in Sources */ = {isa = PBXBuildFile; fileRef = 6143297528687B56008BDCC9 /* FeedListWorker.swift */; };
		6143297828687B69008BDCC9 /* FeedListInteractor.swift in Sources */ = {isa = PBXBuildFile; fileRef = 6143297728687B69008BDCC9 /* FeedListInteractor.swift */; };
		6143297A28687B74008BDCC9 /* FeedListPresenter.swift in Sources */ = {isa = PBXBuildFile; fileRef = 6143297928687B74008BDCC9 /* FeedListPresenter.swift */; };
		6143297C28687B7F008BDCC9 /* FeedListRouter.swift in Sources */ = {isa = PBXBuildFile; fileRef = 6143297B28687B7F008BDCC9 /* FeedListRouter.swift */; };
		616EB0882890E42F001BD18C /* PostCell.swift in Sources */ = {isa = PBXBuildFile; fileRef = 616EB0872890E42F001BD18C /* PostCell.swift */; };
		616EB08B28910485001BD18C /* PostHeaderReusableView.swift in Sources */ = {isa = PBXBuildFile; fileRef = 616EB08A28910485001BD18C /* PostHeaderReusableView.swift */; };
		616EB08D289120C7001BD18C /* PostFooterReusableView.swift in Sources */ = {isa = PBXBuildFile; fileRef = 616EB08C289120C7001BD18C /* PostFooterReusableView.swift */; };
		616EB08F28915470001BD18C /* LikeCell.swift in Sources */ = {isa = PBXBuildFile; fileRef = 616EB08E28915470001BD18C /* LikeCell.swift */; };
		616EB091289154B8001BD18C /* FeedDetailSection.swift in Sources */ = {isa = PBXBuildFile; fileRef = 616EB090289154B8001BD18C /* FeedDetailSection.swift */; };
		616EB095289230CB001BD18C /* ReactHeaderReusableView.swift in Sources */ = {isa = PBXBuildFile; fileRef = 616EB094289230CB001BD18C /* ReactHeaderReusableView.swift */; };
		616EB0972892341F001BD18C /* ReactFooterReusableView.swift in Sources */ = {isa = PBXBuildFile; fileRef = 616EB0962892341F001BD18C /* ReactFooterReusableView.swift */; };
		616EB09928936F74001BD18C /* PostCommentCell.swift in Sources */ = {isa = PBXBuildFile; fileRef = 616EB09828936F74001BD18C /* PostCommentCell.swift */; };
		617F9D65282A5AED00C2BC9A /* ChallengeDetailView.swift in Sources */ = {isa = PBXBuildFile; fileRef = 617F9D64282A5AED00C2BC9A /* ChallengeDetailView.swift */; };
		617F9D67282A5B0300C2BC9A /* ChallengeDetailViewController.swift in Sources */ = {isa = PBXBuildFile; fileRef = 617F9D66282A5B0300C2BC9A /* ChallengeDetailViewController.swift */; };
		617F9D69282A6EB200C2BC9A /* ChallengeDetailCell.swift in Sources */ = {isa = PBXBuildFile; fileRef = 617F9D68282A6EB200C2BC9A /* ChallengeDetailCell.swift */; };
		617F9D71282BAC1300C2BC9A /* BottomSheetViewController.swift in Sources */ = {isa = PBXBuildFile; fileRef = 617F9D70282BAC1300C2BC9A /* BottomSheetViewController.swift */; };
		617F9D73282BAF8E00C2BC9A /* BottomSheetView.swift in Sources */ = {isa = PBXBuildFile; fileRef = 617F9D72282BAF8E00C2BC9A /* BottomSheetView.swift */; };
		617F9D75282BEB2A00C2BC9A /* BottomMenuCell.swift in Sources */ = {isa = PBXBuildFile; fileRef = 617F9D74282BEB2A00C2BC9A /* BottomMenuCell.swift */; };
		618D8B4B28BB355E00828794 /* AlertView.swift in Sources */ = {isa = PBXBuildFile; fileRef = 618D8B4A28BB355E00828794 /* AlertView.swift */; };
		618FDAC527E80C6B00C2823F /* ShopSearchViewController.swift in Sources */ = {isa = PBXBuildFile; fileRef = 618FDAC427E80C6B00C2823F /* ShopSearchViewController.swift */; };
		618FDAC727E82A6F00C2823F /* AddressCell.swift in Sources */ = {isa = PBXBuildFile; fileRef = 618FDAC627E82A6F00C2823F /* AddressCell.swift */; };
		618FDAC927E836BA00C2823F /* PhotoCell.swift in Sources */ = {isa = PBXBuildFile; fileRef = 618FDAC827E836BA00C2823F /* PhotoCell.swift */; };
		618FDACF27E9642400C2823F /* UIButton+Ext.swift in Sources */ = {isa = PBXBuildFile; fileRef = 618FDACE27E9642400C2823F /* UIButton+Ext.swift */; };
		619DEE9C28868E7E00C80095 /* Comment.swift in Sources */ = {isa = PBXBuildFile; fileRef = 619DEE9B28868E7E00C80095 /* Comment.swift */; };
		619DEE9E2887B41B00C80095 /* CommentRepository.swift in Sources */ = {isa = PBXBuildFile; fileRef = 619DEE9D2887B41B00C80095 /* CommentRepository.swift */; };
		61A5EA2328B3B71300A0214D /* StoreListView.swift in Sources */ = {isa = PBXBuildFile; fileRef = 61A5EA2228B3B71300A0214D /* StoreListView.swift */; };
		61A5EA2528B3B72100A0214D /* StoreListViewController.swift in Sources */ = {isa = PBXBuildFile; fileRef = 61A5EA2428B3B72100A0214D /* StoreListViewController.swift */; };
		61A5EA2728B3BEDC00A0214D /* StoreListCell.swift in Sources */ = {isa = PBXBuildFile; fileRef = 61A5EA2628B3BEDC00A0214D /* StoreListCell.swift */; };
		61A8DC44287E8783000512EC /* UIDevice+Ext.swift in Sources */ = {isa = PBXBuildFile; fileRef = 61A8DC43287E8783000512EC /* UIDevice+Ext.swift */; };
		61A8DC47287E905B000512EC /* CommentView.swift in Sources */ = {isa = PBXBuildFile; fileRef = 61A8DC46287E905B000512EC /* CommentView.swift */; };
		61A8DC4A287E90BC000512EC /* CommentViewController.swift in Sources */ = {isa = PBXBuildFile; fileRef = 61A8DC49287E90BC000512EC /* CommentViewController.swift */; };
		61A8DC4C287E90E9000512EC /* CommentInteractor.swift in Sources */ = {isa = PBXBuildFile; fileRef = 61A8DC4B287E90E9000512EC /* CommentInteractor.swift */; };
		61A8DC4E287E90F6000512EC /* CommentPresenter.swift in Sources */ = {isa = PBXBuildFile; fileRef = 61A8DC4D287E90F6000512EC /* CommentPresenter.swift */; };
		61A8DC50287E9120000512EC /* CommentRouter.swift in Sources */ = {isa = PBXBuildFile; fileRef = 61A8DC4F287E9120000512EC /* CommentRouter.swift */; };
		61A8DC52287E9131000512EC /* CommentWorker.swift in Sources */ = {isa = PBXBuildFile; fileRef = 61A8DC51287E9131000512EC /* CommentWorker.swift */; };
		61A8DC572881B173000512EC /* UIViewController+Ext.swift in Sources */ = {isa = PBXBuildFile; fileRef = 61A8DC562881B173000512EC /* UIViewController+Ext.swift */; };
		61A8DC59288506A6000512EC /* CommentHeaderCollectionReusableView.swift in Sources */ = {isa = PBXBuildFile; fileRef = 61A8DC58288506A6000512EC /* CommentHeaderCollectionReusableView.swift */; };
		61A8DC5D288685BE000512EC /* ReplyCell.swift in Sources */ = {isa = PBXBuildFile; fileRef = 61A8DC5C288685BE000512EC /* ReplyCell.swift */; };
		61AB2E4828A0A7E900A1AE30 /* HomeTagCell.swift in Sources */ = {isa = PBXBuildFile; fileRef = 61AB2E4728A0A7E900A1AE30 /* HomeTagCell.swift */; };
		61AB2E4C28A36E0400A1AE30 /* LikeDetailView.swift in Sources */ = {isa = PBXBuildFile; fileRef = 61AB2E4B28A36E0400A1AE30 /* LikeDetailView.swift */; };
		61AB2E4E28A36E3E00A1AE30 /* LikeDetailViewController.swift in Sources */ = {isa = PBXBuildFile; fileRef = 61AB2E4D28A36E3E00A1AE30 /* LikeDetailViewController.swift */; };
		61AB2E5428A3775300A1AE30 /* Double+Ext.swift in Sources */ = {isa = PBXBuildFile; fileRef = 61AB2E5328A3775300A1AE30 /* Double+Ext.swift */; };
		61AB2E5928A620B700A1AE30 /* EventPageView.swift in Sources */ = {isa = PBXBuildFile; fileRef = 61AB2E5828A620B700A1AE30 /* EventPageView.swift */; };
		61AB2E5B28A620C700A1AE30 /* EventPageViewController.swift in Sources */ = {isa = PBXBuildFile; fileRef = 61AB2E5A28A620C700A1AE30 /* EventPageViewController.swift */; };
		61AB2E5D28A6257E00A1AE30 /* TapCell.swift in Sources */ = {isa = PBXBuildFile; fileRef = 61AB2E5C28A6257E00A1AE30 /* TapCell.swift */; };
		61B6D97F2888FA6800E60F08 /* ChallengeDetailHeaderCollectionReusableView.swift in Sources */ = {isa = PBXBuildFile; fileRef = 61B6D97E2888FA6800E60F08 /* ChallengeDetailHeaderCollectionReusableView.swift */; };
		61B6D984288A967A00E60F08 /* ChallengeDetailWorker.swift in Sources */ = {isa = PBXBuildFile; fileRef = 61B6D983288A967A00E60F08 /* ChallengeDetailWorker.swift */; };
		61B6D986288A968600E60F08 /* ChallengeDetailInteractor.swift in Sources */ = {isa = PBXBuildFile; fileRef = 61B6D985288A968600E60F08 /* ChallengeDetailInteractor.swift */; };
		61B6D988288A969100E60F08 /* ChallengeDetailRouter.swift in Sources */ = {isa = PBXBuildFile; fileRef = 61B6D987288A969100E60F08 /* ChallengeDetailRouter.swift */; };
		61B6D98A288A96A300E60F08 /* ChallengeDetailPresenter.swift in Sources */ = {isa = PBXBuildFile; fileRef = 61B6D989288A96A300E60F08 /* ChallengeDetailPresenter.swift */; };
		61B6D98E288BCD6100E60F08 /* FeedDetailViewController.swift in Sources */ = {isa = PBXBuildFile; fileRef = 61B6D98D288BCD6100E60F08 /* FeedDetailViewController.swift */; };
		61B6D990288BCE6E00E60F08 /* FeedDetailView.swift in Sources */ = {isa = PBXBuildFile; fileRef = 61B6D98F288BCE6E00E60F08 /* FeedDetailView.swift */; };
		61B6D993288C2C2700E60F08 /* HomeView.swift in Sources */ = {isa = PBXBuildFile; fileRef = 61B6D992288C2C2700E60F08 /* HomeView.swift */; };
		61B6D998288C40BF00E60F08 /* HomeSection.swift in Sources */ = {isa = PBXBuildFile; fileRef = 61B6D997288C40BF00E60F08 /* HomeSection.swift */; };
		61B6D9B6288E69D400E60F08 /* FeedListHeaderReusableView.swift in Sources */ = {isa = PBXBuildFile; fileRef = 61B6D9B5288E69D400E60F08 /* FeedListHeaderReusableView.swift */; };
		61E3087C287334C1001394B6 /* ImageScaleType.swift in Sources */ = {isa = PBXBuildFile; fileRef = 61E3087B287334C1001394B6 /* ImageScaleType.swift */; };
		61E3088428768D71001394B6 /* UIStackView+Ext.swift in Sources */ = {isa = PBXBuildFile; fileRef = 61E3088328768D71001394B6 /* UIStackView+Ext.swift */; };
		61FC60E927B9244D00A51DBC /* AppDelegate.swift in Sources */ = {isa = PBXBuildFile; fileRef = 61FC60E827B9244D00A51DBC /* AppDelegate.swift */; };
		61FC60EB27B9244E00A51DBC /* SceneDelegate.swift in Sources */ = {isa = PBXBuildFile; fileRef = 61FC60EA27B9244E00A51DBC /* SceneDelegate.swift */; };
		61FC60ED27B9244E00A51DBC /* MainTabBarController.swift in Sources */ = {isa = PBXBuildFile; fileRef = 61FC60EC27B9244E00A51DBC /* MainTabBarController.swift */; };
		61FC60F227B9244F00A51DBC /* Assets.xcassets in Resources */ = {isa = PBXBuildFile; fileRef = 61FC60F127B9244F00A51DBC /* Assets.xcassets */; };
		61FC60F527B9244F00A51DBC /* LaunchScreen.storyboard in Resources */ = {isa = PBXBuildFile; fileRef = 61FC60F327B9244F00A51DBC /* LaunchScreen.storyboard */; };
/* End PBXBuildFile section */

/* Begin PBXFileReference section */
		201077EE27D39FFB00280991 /* Challenge.swift */ = {isa = PBXFileReference; lastKnownFileType = sourcecode.swift; path = Challenge.swift; sourceTree = "<group>"; };
		201077F127D3A97A00280991 /* BaseViewController.swift */ = {isa = PBXFileReference; lastKnownFileType = sourcecode.swift; path = BaseViewController.swift; sourceTree = "<group>"; };
		201077F327D3AA9800280991 /* ChallengeView.swift */ = {isa = PBXFileReference; lastKnownFileType = sourcecode.swift; path = ChallengeView.swift; sourceTree = "<group>"; };
		201077F727D3BF4B00280991 /* Array+Ext.swift */ = {isa = PBXFileReference; lastKnownFileType = sourcecode.swift; path = "Array+Ext.swift"; sourceTree = "<group>"; };
		201077FB27D3D26E00280991 /* BaseTableViewCell.swift */ = {isa = PBXFileReference; lastKnownFileType = sourcecode.swift; path = BaseTableViewCell.swift; sourceTree = "<group>"; };
		201077FD27D3D2AC00280991 /* ChallengeCell.swift */ = {isa = PBXFileReference; lastKnownFileType = sourcecode.swift; path = ChallengeCell.swift; sourceTree = "<group>"; };
		2010780127D3D59F00280991 /* UITableViewCell+Ext.swift */ = {isa = PBXFileReference; lastKnownFileType = sourcecode.swift; path = "UITableViewCell+Ext.swift"; sourceTree = "<group>"; };
		2010780327D3D62300280991 /* UITableView+Ext.swift */ = {isa = PBXFileReference; lastKnownFileType = sourcecode.swift; path = "UITableView+Ext.swift"; sourceTree = "<group>"; };
		2010780727D48FDD00280991 /* Int+Ext.swift */ = {isa = PBXFileReference; lastKnownFileType = sourcecode.swift; path = "Int+Ext.swift"; sourceTree = "<group>"; };
		204320C828367AD300E6FD06 /* .swiftlint.yml */ = {isa = PBXFileReference; lastKnownFileType = text.yaml; path = .swiftlint.yml; sourceTree = "<group>"; };
		2090811727CA4F56005A1573 /* HomeViewController.swift */ = {isa = PBXFileReference; lastKnownFileType = sourcecode.swift; path = HomeViewController.swift; sourceTree = "<group>"; };
		2090811927CA4F61005A1573 /* ChallengeViewController.swift */ = {isa = PBXFileReference; lastKnownFileType = sourcecode.swift; path = ChallengeViewController.swift; sourceTree = "<group>"; };
		2090811B27CA4F6B005A1573 /* StoreViewController.swift */ = {isa = PBXFileReference; lastKnownFileType = sourcecode.swift; path = StoreViewController.swift; sourceTree = "<group>"; };
		2090811D27CA4F77005A1573 /* MyViewController.swift */ = {isa = PBXFileReference; lastKnownFileType = sourcecode.swift; path = MyViewController.swift; sourceTree = "<group>"; };
		20A72D1D280BC4EE006689FC /* BaseCollectionViewCell.swift */ = {isa = PBXFileReference; lastKnownFileType = sourcecode.swift; path = BaseCollectionViewCell.swift; sourceTree = "<group>"; };
		20AF1005285F2BFF005C73EC /* KKDSKit */ = {isa = PBXFileReference; lastKnownFileType = wrapper; path = KKDSKit; sourceTree = "<group>"; };
		20D28F7F27CFC5E800A809DB /* ChallengeInteractor.swift */ = {isa = PBXFileReference; lastKnownFileType = sourcecode.swift; path = ChallengeInteractor.swift; sourceTree = "<group>"; };
		20D28F8127CFC5F000A809DB /* ChallengePresenter.swift */ = {isa = PBXFileReference; lastKnownFileType = sourcecode.swift; path = ChallengePresenter.swift; sourceTree = "<group>"; };
		20D28F8327CFC60900A809DB /* ChallengeRouter.swift */ = {isa = PBXFileReference; lastKnownFileType = sourcecode.swift; path = ChallengeRouter.swift; sourceTree = "<group>"; };
		20D28F8527CFC7B300A809DB /* ChallengeWorker.swift */ = {isa = PBXFileReference; lastKnownFileType = sourcecode.swift; path = ChallengeWorker.swift; sourceTree = "<group>"; };
		20EAE2962814054F009242A1 /* ChellengeRepository.swift */ = {isa = PBXFileReference; lastKnownFileType = sourcecode.swift; path = ChellengeRepository.swift; sourceTree = "<group>"; };
		2EDAE2B5F785D77504C7A50F /* Pods_KnockKnock_iOS.framework */ = {isa = PBXFileReference; explicitFileType = wrapper.framework; includeInIndex = 0; path = Pods_KnockKnock_iOS.framework; sourceTree = BUILT_PRODUCTS_DIR; };
		6105079328B4EE7E00C1B5CF /* HomeWorker.swift */ = {isa = PBXFileReference; lastKnownFileType = sourcecode.swift; path = HomeWorker.swift; sourceTree = "<group>"; };
		6105079528B4EE9F00C1B5CF /* HomeRouter.swift */ = {isa = PBXFileReference; lastKnownFileType = sourcecode.swift; name = HomeRouter.swift; path = "KnockKnock-iOS/Scenes/Home/HomeRouter.swift"; sourceTree = SOURCE_ROOT; };
		6105079728B4EEA800C1B5CF /* HomeInteractor.swift */ = {isa = PBXFileReference; lastKnownFileType = sourcecode.swift; path = HomeInteractor.swift; sourceTree = "<group>"; };
		6105079928B4EEDF00C1B5CF /* HomePresenter.swift */ = {isa = PBXFileReference; lastKnownFileType = sourcecode.swift; path = HomePresenter.swift; sourceTree = "<group>"; };
		6105D2F328AFD51A001413DF /* OngoingEventListViewController.swift */ = {isa = PBXFileReference; lastKnownFileType = sourcecode.swift; path = OngoingEventListViewController.swift; sourceTree = "<group>"; };
		6105D2F528AFD544001413DF /* EventListView.swift */ = {isa = PBXFileReference; lastKnownFileType = sourcecode.swift; path = EventListView.swift; sourceTree = "<group>"; };
		6105D2F728AFD573001413DF /* ClosedEventListViewController.swift */ = {isa = PBXFileReference; lastKnownFileType = sourcecode.swift; path = ClosedEventListViewController.swift; sourceTree = "<group>"; };
		611BD4A227E3017E007D5C79 /* FeedWriteViewController.swift */ = {isa = PBXFileReference; lastKnownFileType = sourcecode.swift; path = FeedWriteViewController.swift; sourceTree = "<group>"; };
		611BD4A427E3080B007D5C79 /* FeedWriteView.swift */ = {isa = PBXFileReference; lastKnownFileType = sourcecode.swift; path = FeedWriteView.swift; sourceTree = "<group>"; };
		611BD4A927E48B93007D5C79 /* FeedWriteInteractor.swift */ = {isa = PBXFileReference; lastKnownFileType = sourcecode.swift; path = FeedWriteInteractor.swift; sourceTree = "<group>"; };
		611BD4AB27E48B9F007D5C79 /* FeedWritePresenter.swift */ = {isa = PBXFileReference; lastKnownFileType = sourcecode.swift; path = FeedWritePresenter.swift; sourceTree = "<group>"; };
		611BD4AD27E48F37007D5C79 /* UIColor+Ext.swift */ = {isa = PBXFileReference; lastKnownFileType = sourcecode.swift; path = "UIColor+Ext.swift"; sourceTree = "<group>"; };
		611BD4AF27E49024007D5C79 /* FeedWriteWorker.swift */ = {isa = PBXFileReference; lastKnownFileType = sourcecode.swift; path = FeedWriteWorker.swift; sourceTree = "<group>"; wrapsLines = 0; };
		611BD4B127E4903A007D5C79 /* FeedWriteRouter.swift */ = {isa = PBXFileReference; lastKnownFileType = sourcecode.swift; path = FeedWriteRouter.swift; sourceTree = "<group>"; };
		611BD4B727E6DD5F007D5C79 /* PropertyCell.swift */ = {isa = PBXFileReference; lastKnownFileType = sourcecode.swift; path = PropertyCell.swift; sourceTree = "<group>"; };
		611BD4B927E702F5007D5C79 /* PropertySelectView.swift */ = {isa = PBXFileReference; lastKnownFileType = sourcecode.swift; path = PropertySelectView.swift; sourceTree = "<group>"; };
		611BD4BB27E70393007D5C79 /* PropertySelectViewController.swift */ = {isa = PBXFileReference; lastKnownFileType = sourcecode.swift; path = PropertySelectViewController.swift; sourceTree = "<group>"; };
		611BD4C027E767CE007D5C79 /* shopSearchView.swift */ = {isa = PBXFileReference; lastKnownFileType = sourcecode.swift; path = shopSearchView.swift; sourceTree = "<group>"; };
		61215AC4284F856D003FDCAA /* KKNetworkManager.swift */ = {isa = PBXFileReference; lastKnownFileType = sourcecode.swift; path = KKNetworkManager.swift; sourceTree = "<group>"; };
		61215AC828507D51003FDCAA /* KKRouter.swift */ = {isa = PBXFileReference; lastKnownFileType = sourcecode.swift; path = KKRouter.swift; sourceTree = "<group>"; };
		61215ACA2852D5B5003FDCAA /* APIConstants.swift */ = {isa = PBXFileReference; lastKnownFileType = sourcecode.swift; path = APIConstants.swift; sourceTree = "<group>"; };
		61215ACF28559B6E003FDCAA /* UICollectionViewCell+Ext.swift */ = {isa = PBXFileReference; lastKnownFileType = sourcecode.swift; path = "UICollectionViewCell+Ext.swift"; sourceTree = "<group>"; };
		61215AD228559BD0003FDCAA /* UICollectionView+Ext.swift */ = {isa = PBXFileReference; lastKnownFileType = sourcecode.swift; path = "UICollectionView+Ext.swift"; sourceTree = "<group>"; };
		61215ADD28571E20003FDCAA /* FeedView.swift */ = {isa = PBXFileReference; lastKnownFileType = sourcecode.swift; path = FeedView.swift; sourceTree = "<group>"; };
		61215AE128572055003FDCAA /* FeedViewController.swift */ = {isa = PBXFileReference; lastKnownFileType = sourcecode.swift; path = FeedViewController.swift; sourceTree = "<group>"; };
		61215AE328577933003FDCAA /* FeedCell.swift */ = {isa = PBXFileReference; lastKnownFileType = sourcecode.swift; path = FeedCell.swift; sourceTree = "<group>"; };
		61215AE528577A9C003FDCAA /* TagCell.swift */ = {isa = PBXFileReference; lastKnownFileType = sourcecode.swift; path = TagCell.swift; sourceTree = "<group>"; };
		613856C2289553CB00BE347E /* FeedDetailInteractor.swift */ = {isa = PBXFileReference; lastKnownFileType = sourcecode.swift; path = FeedDetailInteractor.swift; sourceTree = "<group>"; };
		613856C42895548D00BE347E /* FeedDetailPresenter.swift */ = {isa = PBXFileReference; lastKnownFileType = sourcecode.swift; path = FeedDetailPresenter.swift; sourceTree = "<group>"; };
		613856C6289554E600BE347E /* FeedDetailWorker.swift */ = {isa = PBXFileReference; lastKnownFileType = sourcecode.swift; path = FeedDetailWorker.swift; sourceTree = "<group>"; };
		613856C82895554100BE347E /* FeedDetailRouter.swift */ = {isa = PBXFileReference; lastKnownFileType = sourcecode.swift; path = FeedDetailRouter.swift; sourceTree = "<group>"; };
		613856CC2898B64000BE347E /* Like.swift */ = {isa = PBXFileReference; lastKnownFileType = sourcecode.swift; path = Like.swift; sourceTree = "<group>"; };
		613856CE2898B6D500BE347E /* LikeRepository.swift */ = {isa = PBXFileReference; lastKnownFileType = sourcecode.swift; path = LikeRepository.swift; sourceTree = "<group>"; };
		613856D02898CB1300BE347E /* FeedDetailNavigtaionBarView.swift */ = {isa = PBXFileReference; lastKnownFileType = sourcecode.swift; path = FeedDetailNavigtaionBarView.swift; sourceTree = "<group>"; };
		613856D72899015000BE347E /* HomeMainCell.swift */ = {isa = PBXFileReference; lastKnownFileType = sourcecode.swift; path = HomeMainCell.swift; sourceTree = "<group>"; };
		613856DA289948F500BE347E /* StoreCell.swift */ = {isa = PBXFileReference; lastKnownFileType = sourcecode.swift; path = StoreCell.swift; sourceTree = "<group>"; };
		613856DD289A795200BE347E /* HomeHeaderCollectionReusableView.swift */ = {isa = PBXFileReference; lastKnownFileType = sourcecode.swift; path = HomeHeaderCollectionReusableView.swift; sourceTree = "<group>"; };
		613856DF289B5CF200BE347E /* BannerCell.swift */ = {isa = PBXFileReference; lastKnownFileType = sourcecode.swift; path = BannerCell.swift; sourceTree = "<group>"; };
		613856E3289CCA0F00BE347E /* PopularPostCell.swift */ = {isa = PBXFileReference; lastKnownFileType = sourcecode.swift; path = PopularPostCell.swift; sourceTree = "<group>"; };
		613856E5289CCE4800BE347E /* PopularFooterCollectionReusableView.swift */ = {isa = PBXFileReference; lastKnownFileType = sourcecode.swift; path = PopularFooterCollectionReusableView.swift; sourceTree = "<group>"; };
		613856E7289CD43F00BE347E /* EventCell.swift */ = {isa = PBXFileReference; lastKnownFileType = sourcecode.swift; path = EventCell.swift; sourceTree = "<group>"; };
		613856E9289E664A00BE347E /* LikeDetailCell.swift */ = {isa = PBXFileReference; lastKnownFileType = sourcecode.swift; path = LikeDetailCell.swift; sourceTree = "<group>"; };
		613856EB289F738D00BE347E /* HomeMainPagerCell.swift */ = {isa = PBXFileReference; lastKnownFileType = sourcecode.swift; path = HomeMainPagerCell.swift; sourceTree = "<group>"; };
		6143294C285DD2A0008BDCC9 /* FooterCollectionReusableView.swift */ = {isa = PBXFileReference; lastKnownFileType = sourcecode.swift; path = FooterCollectionReusableView.swift; sourceTree = "<group>"; };
		6143294E285F2BCF008BDCC9 /* BasePaddingLabel.swift */ = {isa = PBXFileReference; lastKnownFileType = sourcecode.swift; path = BasePaddingLabel.swift; sourceTree = "<group>"; };
		614329542862EFE0008BDCC9 /* FeedListView.swift */ = {isa = PBXFileReference; lastKnownFileType = sourcecode.swift; path = FeedListView.swift; sourceTree = "<group>"; };
		614329562862EFF1008BDCC9 /* FeedListViewController.swift */ = {isa = PBXFileReference; lastKnownFileType = sourcecode.swift; path = FeedListViewController.swift; sourceTree = "<group>"; };
		614329582862F273008BDCC9 /* FeedListCell.swift */ = {isa = PBXFileReference; lastKnownFileType = sourcecode.swift; path = FeedListCell.swift; sourceTree = "<group>"; };
		6143295B2862F6BB008BDCC9 /* FeedRouter.swift */ = {isa = PBXFileReference; lastKnownFileType = sourcecode.swift; path = FeedRouter.swift; sourceTree = "<group>"; };
		6143295D2862F6CC008BDCC9 /* FeedPresenter.swift */ = {isa = PBXFileReference; lastKnownFileType = sourcecode.swift; path = FeedPresenter.swift; sourceTree = "<group>"; };
		6143295F2862F6DB008BDCC9 /* FeedInteractor.swift */ = {isa = PBXFileReference; lastKnownFileType = sourcecode.swift; path = FeedInteractor.swift; sourceTree = "<group>"; };
		614329612862F6E3008BDCC9 /* FeedWorker.swift */ = {isa = PBXFileReference; lastKnownFileType = sourcecode.swift; path = FeedWorker.swift; sourceTree = "<group>"; };
		6143296528642745008BDCC9 /* UILabel+Ext.swift */ = {isa = PBXFileReference; lastKnownFileType = sourcecode.swift; path = "UILabel+Ext.swift"; sourceTree = "<group>"; };
		6143296728644187008BDCC9 /* Feed.swift */ = {isa = PBXFileReference; lastKnownFileType = sourcecode.swift; path = Feed.swift; sourceTree = "<group>"; };
		6143296928644458008BDCC9 /* FeedRepository.swift */ = {isa = PBXFileReference; lastKnownFileType = sourcecode.swift; path = FeedRepository.swift; sourceTree = "<group>"; };
		6143297528687B56008BDCC9 /* FeedListWorker.swift */ = {isa = PBXFileReference; lastKnownFileType = sourcecode.swift; path = FeedListWorker.swift; sourceTree = "<group>"; };
		6143297728687B69008BDCC9 /* FeedListInteractor.swift */ = {isa = PBXFileReference; lastKnownFileType = sourcecode.swift; path = FeedListInteractor.swift; sourceTree = "<group>"; };
		6143297928687B74008BDCC9 /* FeedListPresenter.swift */ = {isa = PBXFileReference; lastKnownFileType = sourcecode.swift; path = FeedListPresenter.swift; sourceTree = "<group>"; };
		6143297B28687B7F008BDCC9 /* FeedListRouter.swift */ = {isa = PBXFileReference; lastKnownFileType = sourcecode.swift; path = FeedListRouter.swift; sourceTree = "<group>"; };
		616EB0872890E42F001BD18C /* PostCell.swift */ = {isa = PBXFileReference; lastKnownFileType = sourcecode.swift; path = PostCell.swift; sourceTree = "<group>"; };
		616EB08A28910485001BD18C /* PostHeaderReusableView.swift */ = {isa = PBXFileReference; lastKnownFileType = sourcecode.swift; path = PostHeaderReusableView.swift; sourceTree = "<group>"; };
		616EB08C289120C7001BD18C /* PostFooterReusableView.swift */ = {isa = PBXFileReference; lastKnownFileType = sourcecode.swift; path = PostFooterReusableView.swift; sourceTree = "<group>"; };
		616EB08E28915470001BD18C /* LikeCell.swift */ = {isa = PBXFileReference; lastKnownFileType = sourcecode.swift; path = LikeCell.swift; sourceTree = "<group>"; };
		616EB090289154B8001BD18C /* FeedDetailSection.swift */ = {isa = PBXFileReference; lastKnownFileType = sourcecode.swift; path = FeedDetailSection.swift; sourceTree = "<group>"; };
		616EB094289230CB001BD18C /* ReactHeaderReusableView.swift */ = {isa = PBXFileReference; lastKnownFileType = sourcecode.swift; path = ReactHeaderReusableView.swift; sourceTree = "<group>"; };
		616EB0962892341F001BD18C /* ReactFooterReusableView.swift */ = {isa = PBXFileReference; lastKnownFileType = sourcecode.swift; path = ReactFooterReusableView.swift; sourceTree = "<group>"; };
		616EB09828936F74001BD18C /* PostCommentCell.swift */ = {isa = PBXFileReference; lastKnownFileType = sourcecode.swift; path = PostCommentCell.swift; sourceTree = "<group>"; };
		617F9D64282A5AED00C2BC9A /* ChallengeDetailView.swift */ = {isa = PBXFileReference; lastKnownFileType = sourcecode.swift; path = ChallengeDetailView.swift; sourceTree = "<group>"; };
		617F9D66282A5B0300C2BC9A /* ChallengeDetailViewController.swift */ = {isa = PBXFileReference; lastKnownFileType = sourcecode.swift; path = ChallengeDetailViewController.swift; sourceTree = "<group>"; };
		617F9D68282A6EB200C2BC9A /* ChallengeDetailCell.swift */ = {isa = PBXFileReference; lastKnownFileType = sourcecode.swift; path = ChallengeDetailCell.swift; sourceTree = "<group>"; };
		617F9D70282BAC1300C2BC9A /* BottomSheetViewController.swift */ = {isa = PBXFileReference; lastKnownFileType = sourcecode.swift; path = BottomSheetViewController.swift; sourceTree = "<group>"; };
		617F9D72282BAF8E00C2BC9A /* BottomSheetView.swift */ = {isa = PBXFileReference; lastKnownFileType = sourcecode.swift; path = BottomSheetView.swift; sourceTree = "<group>"; };
		617F9D74282BEB2A00C2BC9A /* BottomMenuCell.swift */ = {isa = PBXFileReference; lastKnownFileType = sourcecode.swift; path = BottomMenuCell.swift; sourceTree = "<group>"; };
		618D8B4A28BB355E00828794 /* AlertView.swift */ = {isa = PBXFileReference; lastKnownFileType = sourcecode.swift; path = AlertView.swift; sourceTree = "<group>"; };
		618FDAC427E80C6B00C2823F /* ShopSearchViewController.swift */ = {isa = PBXFileReference; lastKnownFileType = sourcecode.swift; path = ShopSearchViewController.swift; sourceTree = "<group>"; };
		618FDAC627E82A6F00C2823F /* AddressCell.swift */ = {isa = PBXFileReference; lastKnownFileType = sourcecode.swift; path = AddressCell.swift; sourceTree = "<group>"; };
		618FDAC827E836BA00C2823F /* PhotoCell.swift */ = {isa = PBXFileReference; lastKnownFileType = sourcecode.swift; path = PhotoCell.swift; sourceTree = "<group>"; };
		618FDACE27E9642400C2823F /* UIButton+Ext.swift */ = {isa = PBXFileReference; lastKnownFileType = sourcecode.swift; path = "UIButton+Ext.swift"; sourceTree = "<group>"; };
		619DEE9B28868E7E00C80095 /* Comment.swift */ = {isa = PBXFileReference; lastKnownFileType = sourcecode.swift; path = Comment.swift; sourceTree = "<group>"; };
		619DEE9D2887B41B00C80095 /* CommentRepository.swift */ = {isa = PBXFileReference; lastKnownFileType = sourcecode.swift; path = CommentRepository.swift; sourceTree = "<group>"; };
		61A5EA2228B3B71300A0214D /* StoreListView.swift */ = {isa = PBXFileReference; lastKnownFileType = sourcecode.swift; path = StoreListView.swift; sourceTree = "<group>"; };
		61A5EA2428B3B72100A0214D /* StoreListViewController.swift */ = {isa = PBXFileReference; lastKnownFileType = sourcecode.swift; path = StoreListViewController.swift; sourceTree = "<group>"; };
		61A5EA2628B3BEDC00A0214D /* StoreListCell.swift */ = {isa = PBXFileReference; lastKnownFileType = sourcecode.swift; path = StoreListCell.swift; sourceTree = "<group>"; };
		61A8DC43287E8783000512EC /* UIDevice+Ext.swift */ = {isa = PBXFileReference; lastKnownFileType = sourcecode.swift; path = "UIDevice+Ext.swift"; sourceTree = "<group>"; };
		61A8DC46287E905B000512EC /* CommentView.swift */ = {isa = PBXFileReference; lastKnownFileType = sourcecode.swift; path = CommentView.swift; sourceTree = "<group>"; };
		61A8DC49287E90BC000512EC /* CommentViewController.swift */ = {isa = PBXFileReference; lastKnownFileType = sourcecode.swift; path = CommentViewController.swift; sourceTree = "<group>"; };
		61A8DC4B287E90E9000512EC /* CommentInteractor.swift */ = {isa = PBXFileReference; lastKnownFileType = sourcecode.swift; path = CommentInteractor.swift; sourceTree = "<group>"; };
		61A8DC4D287E90F6000512EC /* CommentPresenter.swift */ = {isa = PBXFileReference; lastKnownFileType = sourcecode.swift; path = CommentPresenter.swift; sourceTree = "<group>"; };
		61A8DC4F287E9120000512EC /* CommentRouter.swift */ = {isa = PBXFileReference; lastKnownFileType = sourcecode.swift; path = CommentRouter.swift; sourceTree = "<group>"; };
		61A8DC51287E9131000512EC /* CommentWorker.swift */ = {isa = PBXFileReference; lastKnownFileType = sourcecode.swift; path = CommentWorker.swift; sourceTree = "<group>"; };
		61A8DC562881B173000512EC /* UIViewController+Ext.swift */ = {isa = PBXFileReference; lastKnownFileType = sourcecode.swift; path = "UIViewController+Ext.swift"; sourceTree = "<group>"; };
		61A8DC58288506A6000512EC /* CommentHeaderCollectionReusableView.swift */ = {isa = PBXFileReference; lastKnownFileType = sourcecode.swift; path = CommentHeaderCollectionReusableView.swift; sourceTree = "<group>"; };
		61A8DC5C288685BE000512EC /* ReplyCell.swift */ = {isa = PBXFileReference; lastKnownFileType = sourcecode.swift; path = ReplyCell.swift; sourceTree = "<group>"; };
		61AB2E4728A0A7E900A1AE30 /* HomeTagCell.swift */ = {isa = PBXFileReference; lastKnownFileType = sourcecode.swift; path = HomeTagCell.swift; sourceTree = "<group>"; };
		61AB2E4B28A36E0400A1AE30 /* LikeDetailView.swift */ = {isa = PBXFileReference; lastKnownFileType = sourcecode.swift; path = LikeDetailView.swift; sourceTree = "<group>"; };
		61AB2E4D28A36E3E00A1AE30 /* LikeDetailViewController.swift */ = {isa = PBXFileReference; lastKnownFileType = sourcecode.swift; path = LikeDetailViewController.swift; sourceTree = "<group>"; };
		61AB2E5328A3775300A1AE30 /* Double+Ext.swift */ = {isa = PBXFileReference; lastKnownFileType = sourcecode.swift; path = "Double+Ext.swift"; sourceTree = "<group>"; };
		61AB2E5828A620B700A1AE30 /* EventPageView.swift */ = {isa = PBXFileReference; lastKnownFileType = sourcecode.swift; path = EventPageView.swift; sourceTree = "<group>"; };
		61AB2E5A28A620C700A1AE30 /* EventPageViewController.swift */ = {isa = PBXFileReference; lastKnownFileType = sourcecode.swift; path = EventPageViewController.swift; sourceTree = "<group>"; };
		61AB2E5C28A6257E00A1AE30 /* TapCell.swift */ = {isa = PBXFileReference; lastKnownFileType = sourcecode.swift; path = TapCell.swift; sourceTree = "<group>"; };
		61B6D97E2888FA6800E60F08 /* ChallengeDetailHeaderCollectionReusableView.swift */ = {isa = PBXFileReference; lastKnownFileType = sourcecode.swift; path = ChallengeDetailHeaderCollectionReusableView.swift; sourceTree = "<group>"; };
		61B6D983288A967A00E60F08 /* ChallengeDetailWorker.swift */ = {isa = PBXFileReference; lastKnownFileType = sourcecode.swift; path = ChallengeDetailWorker.swift; sourceTree = "<group>"; };
		61B6D985288A968600E60F08 /* ChallengeDetailInteractor.swift */ = {isa = PBXFileReference; lastKnownFileType = sourcecode.swift; path = ChallengeDetailInteractor.swift; sourceTree = "<group>"; };
		61B6D987288A969100E60F08 /* ChallengeDetailRouter.swift */ = {isa = PBXFileReference; lastKnownFileType = sourcecode.swift; path = ChallengeDetailRouter.swift; sourceTree = "<group>"; };
		61B6D989288A96A300E60F08 /* ChallengeDetailPresenter.swift */ = {isa = PBXFileReference; lastKnownFileType = sourcecode.swift; path = ChallengeDetailPresenter.swift; sourceTree = "<group>"; };
		61B6D98D288BCD6100E60F08 /* FeedDetailViewController.swift */ = {isa = PBXFileReference; lastKnownFileType = sourcecode.swift; path = FeedDetailViewController.swift; sourceTree = "<group>"; };
		61B6D98F288BCE6E00E60F08 /* FeedDetailView.swift */ = {isa = PBXFileReference; lastKnownFileType = sourcecode.swift; path = FeedDetailView.swift; sourceTree = "<group>"; };
		61B6D992288C2C2700E60F08 /* HomeView.swift */ = {isa = PBXFileReference; lastKnownFileType = sourcecode.swift; path = HomeView.swift; sourceTree = "<group>"; };
		61B6D997288C40BF00E60F08 /* HomeSection.swift */ = {isa = PBXFileReference; lastKnownFileType = sourcecode.swift; path = HomeSection.swift; sourceTree = "<group>"; };
		61B6D9B5288E69D400E60F08 /* FeedListHeaderReusableView.swift */ = {isa = PBXFileReference; lastKnownFileType = sourcecode.swift; path = FeedListHeaderReusableView.swift; sourceTree = "<group>"; };
		61E3087B287334C1001394B6 /* ImageScaleType.swift */ = {isa = PBXFileReference; lastKnownFileType = sourcecode.swift; path = ImageScaleType.swift; sourceTree = "<group>"; };
		61E3088328768D71001394B6 /* UIStackView+Ext.swift */ = {isa = PBXFileReference; lastKnownFileType = sourcecode.swift; path = "UIStackView+Ext.swift"; sourceTree = "<group>"; };
		61FC60E527B9244D00A51DBC /* KnockKnock-iOS.app */ = {isa = PBXFileReference; explicitFileType = wrapper.application; includeInIndex = 0; path = "KnockKnock-iOS.app"; sourceTree = BUILT_PRODUCTS_DIR; };
		61FC60E827B9244D00A51DBC /* AppDelegate.swift */ = {isa = PBXFileReference; lastKnownFileType = sourcecode.swift; path = AppDelegate.swift; sourceTree = "<group>"; };
		61FC60EA27B9244E00A51DBC /* SceneDelegate.swift */ = {isa = PBXFileReference; lastKnownFileType = sourcecode.swift; path = SceneDelegate.swift; sourceTree = "<group>"; };
		61FC60EC27B9244E00A51DBC /* MainTabBarController.swift */ = {isa = PBXFileReference; lastKnownFileType = sourcecode.swift; path = MainTabBarController.swift; sourceTree = "<group>"; };
		61FC60F127B9244F00A51DBC /* Assets.xcassets */ = {isa = PBXFileReference; lastKnownFileType = folder.assetcatalog; path = Assets.xcassets; sourceTree = "<group>"; };
		61FC60F427B9244F00A51DBC /* Base */ = {isa = PBXFileReference; lastKnownFileType = file.storyboard; name = Base; path = Base.lproj/LaunchScreen.storyboard; sourceTree = "<group>"; };
		61FC60F627B9244F00A51DBC /* Info.plist */ = {isa = PBXFileReference; lastKnownFileType = text.plist.xml; path = Info.plist; sourceTree = "<group>"; };
		97189378AAEEBC8C2302B77B /* Pods-KnockKnock-iOS.release.xcconfig */ = {isa = PBXFileReference; includeInIndex = 1; lastKnownFileType = text.xcconfig; name = "Pods-KnockKnock-iOS.release.xcconfig"; path = "Target Support Files/Pods-KnockKnock-iOS/Pods-KnockKnock-iOS.release.xcconfig"; sourceTree = "<group>"; };
		F95EE5C096DDECBD9C94AB97 /* Pods-KnockKnock-iOS.debug.xcconfig */ = {isa = PBXFileReference; includeInIndex = 1; lastKnownFileType = text.xcconfig; name = "Pods-KnockKnock-iOS.debug.xcconfig"; path = "Target Support Files/Pods-KnockKnock-iOS/Pods-KnockKnock-iOS.debug.xcconfig"; sourceTree = "<group>"; };
/* End PBXFileReference section */

/* Begin PBXFrameworksBuildPhase section */
		61FC60E227B9244D00A51DBC /* Frameworks */ = {
			isa = PBXFrameworksBuildPhase;
			buildActionMask = 2147483647;
			files = (
				613856D6289900FE00BE347E /* SnapKit in Frameworks */,
				20AF1007285F2C74005C73EC /* KKDSKit in Frameworks */,
				34F6FB7E518CFAF1AD6C3455 /* Pods_KnockKnock_iOS.framework in Frameworks */,
			);
			runOnlyForDeploymentPostprocessing = 0;
		};
/* End PBXFrameworksBuildPhase section */

/* Begin PBXGroup section */
		201077EC27D39A8B00280991 /* Entity */ = {
			isa = PBXGroup;
			children = (
				201077EE27D39FFB00280991 /* Challenge.swift */,
				6143296728644187008BDCC9 /* Feed.swift */,
				619DEE9B28868E7E00C80095 /* Comment.swift */,
				613856CC2898B64000BE347E /* Like.swift */,
			);
			path = Entity;
			sourceTree = "<group>";
		};
		201077ED27D39AB400280991 /* Repository */ = {
			isa = PBXGroup;
			children = (
				20EAE2962814054F009242A1 /* ChellengeRepository.swift */,
				6143296928644458008BDCC9 /* FeedRepository.swift */,
				619DEE9D2887B41B00C80095 /* CommentRepository.swift */,
				613856CE2898B6D500BE347E /* LikeRepository.swift */,
			);
			path = Repository;
			sourceTree = "<group>";
		};
		201077F027D3A94800280991 /* BaseComponent */ = {
			isa = PBXGroup;
			children = (
				6143294E285F2BCF008BDCC9 /* BasePaddingLabel.swift */,
				201077F127D3A97A00280991 /* BaseViewController.swift */,
				201077FB27D3D26E00280991 /* BaseTableViewCell.swift */,
				20A72D1D280BC4EE006689FC /* BaseCollectionViewCell.swift */,
			);
			path = BaseComponent;
			sourceTree = "<group>";
		};
		201077F527D3BF3A00280991 /* UIKit */ = {
			isa = PBXGroup;
			children = (
				2010780127D3D59F00280991 /* UITableViewCell+Ext.swift */,
				2010780327D3D62300280991 /* UITableView+Ext.swift */,
				611BD4AD27E48F37007D5C79 /* UIColor+Ext.swift */,
				618FDACE27E9642400C2823F /* UIButton+Ext.swift */,
				61215ACF28559B6E003FDCAA /* UICollectionViewCell+Ext.swift */,
				61215AD228559BD0003FDCAA /* UICollectionView+Ext.swift */,
				61E3088328768D71001394B6 /* UIStackView+Ext.swift */,
				6143296528642745008BDCC9 /* UILabel+Ext.swift */,
				61A8DC562881B173000512EC /* UIViewController+Ext.swift */,
				61A8DC43287E8783000512EC /* UIDevice+Ext.swift */,
			);
			path = UIKit;
			sourceTree = "<group>";
		};
		201077F627D3BF4000280991 /* Foundation */ = {
			isa = PBXGroup;
			children = (
				201077F727D3BF4B00280991 /* Array+Ext.swift */,
				2010780727D48FDD00280991 /* Int+Ext.swift */,
				61AB2E5328A3775300A1AE30 /* Double+Ext.swift */,
			);
			path = Foundation;
			sourceTree = "<group>";
		};
		201077F927D3C4A100280991 /* Views */ = {
			isa = PBXGroup;
			children = (
				201077F327D3AA9800280991 /* ChallengeView.swift */,
			);
			path = Views;
			sourceTree = "<group>";
		};
		201077FA27D3D24600280991 /* Cells */ = {
			isa = PBXGroup;
			children = (
				613856DC289948FE00BE347E /* Home */,
				617F9D68282A6EB200C2BC9A /* ChallengeDetailCell.swift */,
				201077FD27D3D2AC00280991 /* ChallengeCell.swift */,
				61215AE328577933003FDCAA /* FeedCell.swift */,
				61215AE528577A9C003FDCAA /* TagCell.swift */,
				614329582862F273008BDCC9 /* FeedListCell.swift */,
				616EB0872890E42F001BD18C /* PostCell.swift */,
				616EB08E28915470001BD18C /* LikeCell.swift */,
				611BD4B727E6DD5F007D5C79 /* PropertyCell.swift */,
				618FDAC627E82A6F00C2823F /* AddressCell.swift */,
				618FDAC827E836BA00C2823F /* PhotoCell.swift */,
				617F9D74282BEB2A00C2BC9A /* BottomMenuCell.swift */,
				61A8DC5C288685BE000512EC /* ReplyCell.swift */,
				616EB09828936F74001BD18C /* PostCommentCell.swift */,
				61AB2E5C28A6257E00A1AE30 /* TapCell.swift */,
				613856E9289E664A00BE347E /* LikeDetailCell.swift */,
			);
			path = Cells;
			sourceTree = "<group>";
		};
		201A288127BAAFDE004F7CD9 /* Scenes */ = {
			isa = PBXGroup;
			children = (
				618D8B4A28BB355E00828794 /* AlertView.swift */,
				617F9D72282BAF8E00C2BC9A /* BottomSheetView.swift */,
				61FC60EC27B9244E00A51DBC /* MainTabBarController.swift */,
				617F9D70282BAC1300C2BC9A /* BottomSheetViewController.swift */,
				201077F027D3A94800280991 /* BaseComponent */,
				201077FA27D3D24600280991 /* Cells */,
				2090811327CA4F1B005A1573 /* Home */,
				611BD4A127E2C85C007D5C79 /* Feed */,
				2090811627CA4F49005A1573 /* My */,
				2090811527CA4F42005A1573 /* Store */,
				2090811427CA4F28005A1573 /* Challenge */,
			);
			path = Scenes;
			sourceTree = "<group>";
		};
		201A288227BAAFFD004F7CD9 /* Resources */ = {
			isa = PBXGroup;
			children = (
				61FC60F327B9244F00A51DBC /* LaunchScreen.storyboard */,
				61FC60F127B9244F00A51DBC /* Assets.xcassets */,
			);
			path = Resources;
			sourceTree = "<group>";
		};
		201A288327BAB165004F7CD9 /* Extension-Utilities */ = {
			isa = PBXGroup;
			children = (
				201077F627D3BF4000280991 /* Foundation */,
				201077F527D3BF3A00280991 /* UIKit */,
			);
			path = "Extension-Utilities";
			sourceTree = "<group>";
		};
		2090811327CA4F1B005A1573 /* Home */ = {
			isa = PBXGroup;
			children = (
				61B6D991288C2C1500E60F08 /* Views */,
				61A45CF128A7710400070B22 /* Event */,
				2090811727CA4F56005A1573 /* HomeViewController.swift */,
				6105079728B4EEA800C1B5CF /* HomeInteractor.swift */,
				6105079928B4EEDF00C1B5CF /* HomePresenter.swift */,
				6105079328B4EE7E00C1B5CF /* HomeWorker.swift */,
				6105079528B4EE9F00C1B5CF /* HomeRouter.swift */,
				61A5EA2428B3B72100A0214D /* StoreListViewController.swift */,
			);
			path = Home;
			sourceTree = "<group>";
		};
		2090811427CA4F28005A1573 /* Challenge */ = {
			isa = PBXGroup;
			children = (
				61B6D981288A962F00E60F08 /* Main */,
				61B6D980288A962100E60F08 /* Detail */,
			);
			path = Challenge;
			sourceTree = "<group>";
		};
		2090811527CA4F42005A1573 /* Store */ = {
			isa = PBXGroup;
			children = (
				2090811B27CA4F6B005A1573 /* StoreViewController.swift */,
			);
			path = Store;
			sourceTree = "<group>";
		};
		2090811627CA4F49005A1573 /* My */ = {
			isa = PBXGroup;
			children = (
				2090811D27CA4F77005A1573 /* MyViewController.swift */,
			);
			path = My;
			sourceTree = "<group>";
		};
		321DA5FE23695503A22B86C2 /* Pods */ = {
			isa = PBXGroup;
			children = (
				F95EE5C096DDECBD9C94AB97 /* Pods-KnockKnock-iOS.debug.xcconfig */,
				97189378AAEEBC8C2302B77B /* Pods-KnockKnock-iOS.release.xcconfig */,
			);
			path = Pods;
			sourceTree = "<group>";
		};
		611BD4A127E2C85C007D5C79 /* Feed */ = {
			isa = PBXGroup;
			children = (
				61B6D98B288BCD3E00E60F08 /* FeedDetail */,
				61A8DC53287E9CDD000512EC /* FeedMain */,
				61A8DC45287E9020000512EC /* Comment */,
				61215AD928571D4E003FDCAA /* FeedList */,
				611BD4BD27E703E4007D5C79 /* FeedWrite */,
			);
			path = Feed;
			sourceTree = "<group>";
		};
		611BD4A627E30811007D5C79 /* Views */ = {
			isa = PBXGroup;
			children = (
				611BD4A427E3080B007D5C79 /* FeedWriteView.swift */,
				611BD4B927E702F5007D5C79 /* PropertySelectView.swift */,
				611BD4C027E767CE007D5C79 /* shopSearchView.swift */,
			);
			path = Views;
			sourceTree = "<group>";
		};
		611BD4BD27E703E4007D5C79 /* FeedWrite */ = {
			isa = PBXGroup;
			children = (
				611BD4A627E30811007D5C79 /* Views */,
				611BD4BB27E70393007D5C79 /* PropertySelectViewController.swift */,
				618FDAC427E80C6B00C2823F /* ShopSearchViewController.swift */,
				611BD4A227E3017E007D5C79 /* FeedWriteViewController.swift */,
				611BD4A927E48B93007D5C79 /* FeedWriteInteractor.swift */,
				611BD4AB27E48B9F007D5C79 /* FeedWritePresenter.swift */,
				611BD4B127E4903A007D5C79 /* FeedWriteRouter.swift */,
				611BD4AF27E49024007D5C79 /* FeedWriteWorker.swift */,
			);
			path = FeedWrite;
			sourceTree = "<group>";
		};
		61215AC728507D3F003FDCAA /* Network */ = {
			isa = PBXGroup;
			children = (
				61215AC4284F856D003FDCAA /* KKNetworkManager.swift */,
				61215AC828507D51003FDCAA /* KKRouter.swift */,
				61215ACA2852D5B5003FDCAA /* APIConstants.swift */,
			);
			path = Network;
			sourceTree = "<group>";
		};
		61215AD928571D4E003FDCAA /* FeedList */ = {
			isa = PBXGroup;
			children = (
				61215ADC28571E12003FDCAA /* Views */,
				614329562862EFF1008BDCC9 /* FeedListViewController.swift */,
				6143297728687B69008BDCC9 /* FeedListInteractor.swift */,
				6143297928687B74008BDCC9 /* FeedListPresenter.swift */,
				6143297528687B56008BDCC9 /* FeedListWorker.swift */,
				6143297B28687B7F008BDCC9 /* FeedListRouter.swift */,
			);
			path = FeedList;
			sourceTree = "<group>";
		};
		61215ADC28571E12003FDCAA /* Views */ = {
			isa = PBXGroup;
			children = (
				614329542862EFE0008BDCC9 /* FeedListView.swift */,
				61B6D9B5288E69D400E60F08 /* FeedListHeaderReusableView.swift */,
			);
			path = Views;
			sourceTree = "<group>";
		};
		613856DC289948FE00BE347E /* Home */ = {
			isa = PBXGroup;
			children = (
				613856D72899015000BE347E /* HomeMainCell.swift */,
				613856DA289948F500BE347E /* StoreCell.swift */,
				613856DF289B5CF200BE347E /* BannerCell.swift */,
				613856E3289CCA0F00BE347E /* PopularPostCell.swift */,
				613856E7289CD43F00BE347E /* EventCell.swift */,
				613856EB289F738D00BE347E /* HomeMainPagerCell.swift */,
				61AB2E4728A0A7E900A1AE30 /* HomeTagCell.swift */,
				61A5EA2628B3BEDC00A0214D /* StoreListCell.swift */,
			);
			path = Home;
			sourceTree = "<group>";
		};
		6143295A2862F60C008BDCC9 /* Views */ = {
			isa = PBXGroup;
			children = (
				6143294C285DD2A0008BDCC9 /* FooterCollectionReusableView.swift */,
				61215ADD28571E20003FDCAA /* FeedView.swift */,
			);
			path = Views;
			sourceTree = "<group>";
		};
		61A45CF128A7710400070B22 /* Event */ = {
			isa = PBXGroup;
			children = (
				61A45CF228A7711400070B22 /* Views */,
				61AB2E5A28A620C700A1AE30 /* EventPageViewController.swift */,
				6105D2F328AFD51A001413DF /* OngoingEventListViewController.swift */,
				6105D2F728AFD573001413DF /* ClosedEventListViewController.swift */,
			);
			path = Event;
			sourceTree = "<group>";
		};
		61A45CF228A7711400070B22 /* Views */ = {
			isa = PBXGroup;
			children = (
				61AB2E5828A620B700A1AE30 /* EventPageView.swift */,
				6105D2F528AFD544001413DF /* EventListView.swift */,
			);
			path = Views;
			sourceTree = "<group>";
		};
		61A8DC45287E9020000512EC /* Comment */ = {
			isa = PBXGroup;
			children = (
				61A8DC48287E90AB000512EC /* Views */,
				61A8DC49287E90BC000512EC /* CommentViewController.swift */,
				61A8DC4B287E90E9000512EC /* CommentInteractor.swift */,
				61A8DC4D287E90F6000512EC /* CommentPresenter.swift */,
				61A8DC4F287E9120000512EC /* CommentRouter.swift */,
				61A8DC51287E9131000512EC /* CommentWorker.swift */,
			);
			path = Comment;
			sourceTree = "<group>";
		};
		61A8DC48287E90AB000512EC /* Views */ = {
			isa = PBXGroup;
			children = (
				61A8DC46287E905B000512EC /* CommentView.swift */,
				61A8DC58288506A6000512EC /* CommentHeaderCollectionReusableView.swift */,
			);
			path = Views;
			sourceTree = "<group>";
		};
		61A8DC53287E9CDD000512EC /* FeedMain */ = {
			isa = PBXGroup;
			children = (
				6143295A2862F60C008BDCC9 /* Views */,
				61215AE128572055003FDCAA /* FeedViewController.swift */,
				6143295B2862F6BB008BDCC9 /* FeedRouter.swift */,
				6143295D2862F6CC008BDCC9 /* FeedPresenter.swift */,
				6143295F2862F6DB008BDCC9 /* FeedInteractor.swift */,
				614329612862F6E3008BDCC9 /* FeedWorker.swift */,
			);
			path = FeedMain;
			sourceTree = "<group>";
		};
		61B6D980288A962100E60F08 /* Detail */ = {
			isa = PBXGroup;
			children = (
				61B6D982288A964B00E60F08 /* Views */,
				617F9D66282A5B0300C2BC9A /* ChallengeDetailViewController.swift */,
				61B6D985288A968600E60F08 /* ChallengeDetailInteractor.swift */,
				61B6D989288A96A300E60F08 /* ChallengeDetailPresenter.swift */,
				61B6D983288A967A00E60F08 /* ChallengeDetailWorker.swift */,
				61B6D987288A969100E60F08 /* ChallengeDetailRouter.swift */,
			);
			path = Detail;
			sourceTree = "<group>";
		};
		61B6D981288A962F00E60F08 /* Main */ = {
			isa = PBXGroup;
			children = (
				201077F927D3C4A100280991 /* Views */,
				2090811927CA4F61005A1573 /* ChallengeViewController.swift */,
				20D28F7F27CFC5E800A809DB /* ChallengeInteractor.swift */,
				20D28F8127CFC5F000A809DB /* ChallengePresenter.swift */,
				20D28F8327CFC60900A809DB /* ChallengeRouter.swift */,
				20D28F8527CFC7B300A809DB /* ChallengeWorker.swift */,
			);
			path = Main;
			sourceTree = "<group>";
		};
		61B6D982288A964B00E60F08 /* Views */ = {
			isa = PBXGroup;
			children = (
				617F9D64282A5AED00C2BC9A /* ChallengeDetailView.swift */,
				61B6D97E2888FA6800E60F08 /* ChallengeDetailHeaderCollectionReusableView.swift */,
			);
			path = Views;
			sourceTree = "<group>";
		};
		61B6D98B288BCD3E00E60F08 /* FeedDetail */ = {
			isa = PBXGroup;
			children = (
				61B6D98C288BCD5100E60F08 /* Views */,
				61B6D98D288BCD6100E60F08 /* FeedDetailViewController.swift */,
				613856C2289553CB00BE347E /* FeedDetailInteractor.swift */,
				613856C42895548D00BE347E /* FeedDetailPresenter.swift */,
				613856C6289554E600BE347E /* FeedDetailWorker.swift */,
				613856C82895554100BE347E /* FeedDetailRouter.swift */,
				61AB2E4D28A36E3E00A1AE30 /* LikeDetailViewController.swift */,
			);
			path = FeedDetail;
			sourceTree = "<group>";
		};
		61B6D98C288BCD5100E60F08 /* Views */ = {
			isa = PBXGroup;
			children = (
				61B6D98F288BCE6E00E60F08 /* FeedDetailView.swift */,
				616EB08A28910485001BD18C /* PostHeaderReusableView.swift */,
				616EB08C289120C7001BD18C /* PostFooterReusableView.swift */,
				616EB094289230CB001BD18C /* ReactHeaderReusableView.swift */,
				616EB0962892341F001BD18C /* ReactFooterReusableView.swift */,
				613856D02898CB1300BE347E /* FeedDetailNavigtaionBarView.swift */,
				61AB2E4B28A36E0400A1AE30 /* LikeDetailView.swift */,
			);
			path = Views;
			sourceTree = "<group>";
		};
		61B6D991288C2C1500E60F08 /* Views */ = {
			isa = PBXGroup;
			children = (
				61B6D992288C2C2700E60F08 /* HomeView.swift */,
				613856DD289A795200BE347E /* HomeHeaderCollectionReusableView.swift */,
				613856E5289CCE4800BE347E /* PopularFooterCollectionReusableView.swift */,
				61A5EA2228B3B71300A0214D /* StoreListView.swift */,
			);
			path = Views;
			sourceTree = "<group>";
		};
		61E3087A2873349B001394B6 /* Enum */ = {
			isa = PBXGroup;
			children = (
				61E3087B287334C1001394B6 /* ImageScaleType.swift */,
				61B6D997288C40BF00E60F08 /* HomeSection.swift */,
				616EB090289154B8001BD18C /* FeedDetailSection.swift */,
			);
			path = Enum;
			sourceTree = "<group>";
		};
		61FC60DC27B9244D00A51DBC = {
			isa = PBXGroup;
			children = (
				20AF1005285F2BFF005C73EC /* KKDSKit */,
				204320C828367AD300E6FD06 /* .swiftlint.yml */,
				61FC60E727B9244D00A51DBC /* KnockKnock-iOS */,
				61FC60E627B9244D00A51DBC /* Products */,
				321DA5FE23695503A22B86C2 /* Pods */,
				CD25F631D9B0A5D934CC3441 /* Frameworks */,
			);
			sourceTree = "<group>";
		};
		61FC60E627B9244D00A51DBC /* Products */ = {
			isa = PBXGroup;
			children = (
				61FC60E527B9244D00A51DBC /* KnockKnock-iOS.app */,
			);
			name = Products;
			sourceTree = "<group>";
		};
		61FC60E727B9244D00A51DBC /* KnockKnock-iOS */ = {
			isa = PBXGroup;
			children = (
				61E3087A2873349B001394B6 /* Enum */,
				61215AC728507D3F003FDCAA /* Network */,
				201077ED27D39AB400280991 /* Repository */,
				201A288227BAAFFD004F7CD9 /* Resources */,
				201A288327BAB165004F7CD9 /* Extension-Utilities */,
				201077EC27D39A8B00280991 /* Entity */,
				201A288127BAAFDE004F7CD9 /* Scenes */,
				61FC60E827B9244D00A51DBC /* AppDelegate.swift */,
				61FC60EA27B9244E00A51DBC /* SceneDelegate.swift */,
				61FC60F627B9244F00A51DBC /* Info.plist */,
			);
			path = "KnockKnock-iOS";
			sourceTree = "<group>";
		};
		CD25F631D9B0A5D934CC3441 /* Frameworks */ = {
			isa = PBXGroup;
			children = (
				2EDAE2B5F785D77504C7A50F /* Pods_KnockKnock_iOS.framework */,
			);
			name = Frameworks;
			sourceTree = "<group>";
		};
/* End PBXGroup section */

/* Begin PBXNativeTarget section */
		61FC60E427B9244D00A51DBC /* KnockKnock-iOS */ = {
			isa = PBXNativeTarget;
			buildConfigurationList = 61FC60F927B9244F00A51DBC /* Build configuration list for PBXNativeTarget "KnockKnock-iOS" */;
			buildPhases = (
				476E8547CB178A7D1C61F974 /* [CP] Check Pods Manifest.lock */,
				61FC60E127B9244D00A51DBC /* Sources */,
				61FC60E227B9244D00A51DBC /* Frameworks */,
				61FC60E327B9244D00A51DBC /* Resources */,
				E798CD763B526EB54AB74F5A /* [CP] Embed Pods Frameworks */,
				204320C728367A4F00E6FD06 /* ShellScript */,
			);
			buildRules = (
			);
			dependencies = (
			);
			name = "KnockKnock-iOS";
			packageProductDependencies = (
				20AF1006285F2C74005C73EC /* KKDSKit */,
				613856D5289900FE00BE347E /* SnapKit */,
			);
			productName = "KnockKnock-iOS";
			productReference = 61FC60E527B9244D00A51DBC /* KnockKnock-iOS.app */;
			productType = "com.apple.product-type.application";
		};
/* End PBXNativeTarget section */

/* Begin PBXProject section */
		61FC60DD27B9244D00A51DBC /* Project object */ = {
			isa = PBXProject;
			attributes = {
				BuildIndependentTargetsInParallel = 1;
				LastSwiftUpdateCheck = 1300;
				LastUpgradeCheck = 1300;
				TargetAttributes = {
					61FC60E427B9244D00A51DBC = {
						CreatedOnToolsVersion = 13.0;
					};
				};
			};
			buildConfigurationList = 61FC60E027B9244D00A51DBC /* Build configuration list for PBXProject "KnockKnock-iOS" */;
			compatibilityVersion = "Xcode 13.0";
			developmentRegion = en;
			hasScannedForEncodings = 0;
			knownRegions = (
				en,
				Base,
			);
			mainGroup = 61FC60DC27B9244D00A51DBC;
			packageReferences = (
				613856D4289900FE00BE347E /* XCRemoteSwiftPackageReference "SnapKit" */,
			);
			productRefGroup = 61FC60E627B9244D00A51DBC /* Products */;
			projectDirPath = "";
			projectRoot = "";
			targets = (
				61FC60E427B9244D00A51DBC /* KnockKnock-iOS */,
			);
		};
/* End PBXProject section */

/* Begin PBXResourcesBuildPhase section */
		61FC60E327B9244D00A51DBC /* Resources */ = {
			isa = PBXResourcesBuildPhase;
			buildActionMask = 2147483647;
			files = (
				204320C928367AD300E6FD06 /* .swiftlint.yml in Resources */,
				61FC60F527B9244F00A51DBC /* LaunchScreen.storyboard in Resources */,
				61FC60F227B9244F00A51DBC /* Assets.xcassets in Resources */,
			);
			runOnlyForDeploymentPostprocessing = 0;
		};
/* End PBXResourcesBuildPhase section */

/* Begin PBXShellScriptBuildPhase section */
		204320C728367A4F00E6FD06 /* ShellScript */ = {
			isa = PBXShellScriptBuildPhase;
			buildActionMask = 2147483647;
			files = (
			);
			inputFileListPaths = (
			);
			inputPaths = (
			);
			outputFileListPaths = (
			);
			outputPaths = (
			);
			runOnlyForDeploymentPostprocessing = 0;
			shellPath = /bin/sh;
			shellScript = "${PODS_ROOT}/SwiftLint/swiftlint\n";
		};
		476E8547CB178A7D1C61F974 /* [CP] Check Pods Manifest.lock */ = {
			isa = PBXShellScriptBuildPhase;
			buildActionMask = 2147483647;
			files = (
			);
			inputFileListPaths = (
			);
			inputPaths = (
				"${PODS_PODFILE_DIR_PATH}/Podfile.lock",
				"${PODS_ROOT}/Manifest.lock",
			);
			name = "[CP] Check Pods Manifest.lock";
			outputFileListPaths = (
			);
			outputPaths = (
				"$(DERIVED_FILE_DIR)/Pods-KnockKnock-iOS-checkManifestLockResult.txt",
			);
			runOnlyForDeploymentPostprocessing = 0;
			shellPath = /bin/sh;
			shellScript = "diff \"${PODS_PODFILE_DIR_PATH}/Podfile.lock\" \"${PODS_ROOT}/Manifest.lock\" > /dev/null\nif [ $? != 0 ] ; then\n    # print error to STDERR\n    echo \"error: The sandbox is not in sync with the Podfile.lock. Run 'pod install' or update your CocoaPods installation.\" >&2\n    exit 1\nfi\n# This output is used by Xcode 'outputs' to avoid re-running this script phase.\necho \"SUCCESS\" > \"${SCRIPT_OUTPUT_FILE_0}\"\n";
			showEnvVarsInLog = 0;
		};
		E798CD763B526EB54AB74F5A /* [CP] Embed Pods Frameworks */ = {
			isa = PBXShellScriptBuildPhase;
			buildActionMask = 2147483647;
			files = (
			);
			inputFileListPaths = (
				"${PODS_ROOT}/Target Support Files/Pods-KnockKnock-iOS/Pods-KnockKnock-iOS-frameworks-${CONFIGURATION}-input-files.xcfilelist",
			);
			name = "[CP] Embed Pods Frameworks";
			outputFileListPaths = (
				"${PODS_ROOT}/Target Support Files/Pods-KnockKnock-iOS/Pods-KnockKnock-iOS-frameworks-${CONFIGURATION}-output-files.xcfilelist",
			);
			runOnlyForDeploymentPostprocessing = 0;
			shellPath = /bin/sh;
			shellScript = "\"${PODS_ROOT}/Target Support Files/Pods-KnockKnock-iOS/Pods-KnockKnock-iOS-frameworks.sh\"\n";
			showEnvVarsInLog = 0;
		};
/* End PBXShellScriptBuildPhase section */

/* Begin PBXSourcesBuildPhase section */
		61FC60E127B9244D00A51DBC /* Sources */ = {
			isa = PBXSourcesBuildPhase;
			buildActionMask = 2147483647;
			files = (
				617F9D73282BAF8E00C2BC9A /* BottomSheetView.swift in Sources */,
				613856E0289B5CF200BE347E /* BannerCell.swift in Sources */,
				6143296828644187008BDCC9 /* Feed.swift in Sources */,
				61215AE428577933003FDCAA /* FeedCell.swift in Sources */,
				61AB2E5D28A6257E00A1AE30 /* TapCell.swift in Sources */,
				201077FC27D3D26E00280991 /* BaseTableViewCell.swift in Sources */,
				617F9D71282BAC1300C2BC9A /* BottomSheetViewController.swift in Sources */,
				2010780227D3D59F00280991 /* UITableViewCell+Ext.swift in Sources */,
				61E3088428768D71001394B6 /* UIStackView+Ext.swift in Sources */,
				6105D2F428AFD51A001413DF /* OngoingEventListViewController.swift in Sources */,
				61A5EA2328B3B71300A0214D /* StoreListView.swift in Sources */,
				617F9D69282A6EB200C2BC9A /* ChallengeDetailCell.swift in Sources */,
				613856EC289F738D00BE347E /* HomeMainPagerCell.swift in Sources */,
				61A5EA2728B3BEDC00A0214D /* StoreListCell.swift in Sources */,
				201077F227D3A97A00280991 /* BaseViewController.swift in Sources */,
				619DEE9E2887B41B00C80095 /* CommentRepository.swift in Sources */,
				6105079628B4EE9F00C1B5CF /* HomeRouter.swift in Sources */,
				20EAE2972814054F009242A1 /* ChellengeRepository.swift in Sources */,
				618FDAC527E80C6B00C2823F /* ShopSearchViewController.swift in Sources */,
				61A8DC572881B173000512EC /* UIViewController+Ext.swift in Sources */,
				613856C92895554100BE347E /* FeedDetailRouter.swift in Sources */,
				61FC60ED27B9244E00A51DBC /* MainTabBarController.swift in Sources */,
				201077EF27D39FFB00280991 /* Challenge.swift in Sources */,
				61B6D986288A968600E60F08 /* ChallengeDetailInteractor.swift in Sources */,
				6143295E2862F6CC008BDCC9 /* FeedPresenter.swift in Sources */,
				6143297628687B56008BDCC9 /* FeedListWorker.swift in Sources */,
				6105D2F828AFD573001413DF /* ClosedEventListViewController.swift in Sources */,
				61B6D98E288BCD6100E60F08 /* FeedDetailViewController.swift in Sources */,
				61215ADE28571E20003FDCAA /* FeedView.swift in Sources */,
				2090811A27CA4F61005A1573 /* ChallengeViewController.swift in Sources */,
				613856D82899015000BE347E /* HomeMainCell.swift in Sources */,
				2010780427D3D62300280991 /* UITableView+Ext.swift in Sources */,
				611BD4AE27E48F37007D5C79 /* UIColor+Ext.swift in Sources */,
				614329602862F6DB008BDCC9 /* FeedInteractor.swift in Sources */,
				20D28F8027CFC5E800A809DB /* ChallengeInteractor.swift in Sources */,
				20A72D1E280BC4EE006689FC /* BaseCollectionViewCell.swift in Sources */,
				61A8DC52287E9131000512EC /* CommentWorker.swift in Sources */,
				6143297828687B69008BDCC9 /* FeedListInteractor.swift in Sources */,
				6105079428B4EE7E00C1B5CF /* HomeWorker.swift in Sources */,
				61A8DC44287E8783000512EC /* UIDevice+Ext.swift in Sources */,
				61AB2E4C28A36E0400A1AE30 /* LikeDetailView.swift in Sources */,
				20D28F8227CFC5F000A809DB /* ChallengePresenter.swift in Sources */,
				61215ACB2852D5B5003FDCAA /* APIConstants.swift in Sources */,
				61215AC928507D51003FDCAA /* KKRouter.swift in Sources */,
				61B6D98A288A96A300E60F08 /* ChallengeDetailPresenter.swift in Sources */,
				618FDACF27E9642400C2823F /* UIButton+Ext.swift in Sources */,
				61B6D984288A967A00E60F08 /* ChallengeDetailWorker.swift in Sources */,
				6143294F285F2BCF008BDCC9 /* BasePaddingLabel.swift in Sources */,
				61A8DC4C287E90E9000512EC /* CommentInteractor.swift in Sources */,
				614329622862F6E3008BDCC9 /* FeedWorker.swift in Sources */,
				6105079A28B4EEDF00C1B5CF /* HomePresenter.swift in Sources */,
				613856D12898CB1300BE347E /* FeedDetailNavigtaionBarView.swift in Sources */,
				61AB2E4E28A36E3E00A1AE30 /* LikeDetailViewController.swift in Sources */,
				61215AD028559B6E003FDCAA /* UICollectionViewCell+Ext.swift in Sources */,
				617F9D75282BEB2A00C2BC9A /* BottomMenuCell.swift in Sources */,
				613856C3289553CB00BE347E /* FeedDetailInteractor.swift in Sources */,
				2090811C27CA4F6B005A1573 /* StoreViewController.swift in Sources */,
				611BD4AC27E48B9F007D5C79 /* FeedWritePresenter.swift in Sources */,
				2090811E27CA4F77005A1573 /* MyViewController.swift in Sources */,
				61B6D990288BCE6E00E60F08 /* FeedDetailView.swift in Sources */,
				61215AE628577A9C003FDCAA /* TagCell.swift in Sources */,
				613856E4289CCA0F00BE347E /* PopularPostCell.swift in Sources */,
				6143296A28644458008BDCC9 /* FeedRepository.swift in Sources */,
				61B6D97F2888FA6800E60F08 /* ChallengeDetailHeaderCollectionReusableView.swift in Sources */,
				613856DB289948F500BE347E /* StoreCell.swift in Sources */,
				61A5EA2528B3B72100A0214D /* StoreListViewController.swift in Sources */,
				614329552862EFE0008BDCC9 /* FeedListView.swift in Sources */,
				613856DE289A795200BE347E /* HomeHeaderCollectionReusableView.swift in Sources */,
				61A8DC47287E905B000512EC /* CommentView.swift in Sources */,
				613856C7289554E600BE347E /* FeedDetailWorker.swift in Sources */,
				6143296628642745008BDCC9 /* UILabel+Ext.swift in Sources */,
				20D28F8427CFC60900A809DB /* ChallengeRouter.swift in Sources */,
				61A8DC4A287E90BC000512EC /* CommentViewController.swift in Sources */,
				6105079828B4EEA800C1B5CF /* HomeInteractor.swift in Sources */,
				616EB0882890E42F001BD18C /* PostCell.swift in Sources */,
				61FC60E927B9244D00A51DBC /* AppDelegate.swift in Sources */,
				611BD4BC27E70393007D5C79 /* PropertySelectViewController.swift in Sources */,
				617F9D65282A5AED00C2BC9A /* ChallengeDetailView.swift in Sources */,
				61A8DC59288506A6000512EC /* CommentHeaderCollectionReusableView.swift in Sources */,
				619DEE9C28868E7E00C80095 /* Comment.swift in Sources */,
				611BD4AA27E48B93007D5C79 /* FeedWriteInteractor.swift in Sources */,
				61215AC5284F856D003FDCAA /* KKNetworkManager.swift in Sources */,
				613856E8289CD43F00BE347E /* EventCell.swift in Sources */,
				61B6D993288C2C2700E60F08 /* HomeView.swift in Sources */,
				616EB09928936F74001BD18C /* PostCommentCell.swift in Sources */,
				61A8DC4E287E90F6000512EC /* CommentPresenter.swift in Sources */,
				616EB08D289120C7001BD18C /* PostFooterReusableView.swift in Sources */,
				201077F427D3AA9800280991 /* ChallengeView.swift in Sources */,
				201077FE27D3D2AC00280991 /* ChallengeCell.swift in Sources */,
				616EB08B28910485001BD18C /* PostHeaderReusableView.swift in Sources */,
				6143297A28687B74008BDCC9 /* FeedListPresenter.swift in Sources */,
				618FDAC927E836BA00C2823F /* PhotoCell.swift in Sources */,
				61AB2E5428A3775300A1AE30 /* Double+Ext.swift in Sources */,
				61B6D998288C40BF00E60F08 /* HomeSection.swift in Sources */,
				616EB0972892341F001BD18C /* ReactFooterReusableView.swift in Sources */,
				61E3087C287334C1001394B6 /* ImageScaleType.swift in Sources */,
				611BD4A327E3017E007D5C79 /* FeedWriteViewController.swift in Sources */,
				61215AD328559BD0003FDCAA /* UICollectionView+Ext.swift in Sources */,
				617F9D67282A5B0300C2BC9A /* ChallengeDetailViewController.swift in Sources */,
				61B6D988288A969100E60F08 /* ChallengeDetailRouter.swift in Sources */,
				613856EA289E664A00BE347E /* LikeDetailCell.swift in Sources */,
				6143295C2862F6BB008BDCC9 /* FeedRouter.swift in Sources */,
				616EB08F28915470001BD18C /* LikeCell.swift in Sources */,
				6105D2F628AFD544001413DF /* EventListView.swift in Sources */,
				61215AE228572055003FDCAA /* FeedViewController.swift in Sources */,
				613856C52895548D00BE347E /* FeedDetailPresenter.swift in Sources */,
				613856CD2898B64000BE347E /* Like.swift in Sources */,
				618D8B4B28BB355E00828794 /* AlertView.swift in Sources */,
				61AB2E5B28A620C700A1AE30 /* EventPageViewController.swift in Sources */,
				61A8DC5D288685BE000512EC /* ReplyCell.swift in Sources */,
				618FDAC727E82A6F00C2823F /* AddressCell.swift in Sources */,
				6143297C28687B7F008BDCC9 /* FeedListRouter.swift in Sources */,
				613856E6289CCE4800BE347E /* PopularFooterCollectionReusableView.swift in Sources */,
				61B6D9B6288E69D400E60F08 /* FeedListHeaderReusableView.swift in Sources */,
				611BD4B027E49024007D5C79 /* FeedWriteWorker.swift in Sources */,
				2010780827D48FDD00280991 /* Int+Ext.swift in Sources */,
				616EB091289154B8001BD18C /* FeedDetailSection.swift in Sources */,
				613856CF2898B6D500BE347E /* LikeRepository.swift in Sources */,
				61FC60EB27B9244E00A51DBC /* SceneDelegate.swift in Sources */,
				611BD4BA27E702F5007D5C79 /* PropertySelectView.swift in Sources */,
				611BD4B227E4903A007D5C79 /* FeedWriteRouter.swift in Sources */,
				61AB2E5928A620B700A1AE30 /* EventPageView.swift in Sources */,
				611BD4C127E767CE007D5C79 /* shopSearchView.swift in Sources */,
				61AB2E4828A0A7E900A1AE30 /* HomeTagCell.swift in Sources */,
				6143294D285DD2A0008BDCC9 /* FooterCollectionReusableView.swift in Sources */,
				611BD4A527E3080B007D5C79 /* FeedWriteView.swift in Sources */,
				201077F827D3BF4B00280991 /* Array+Ext.swift in Sources */,
				20D28F8627CFC7B300A809DB /* ChallengeWorker.swift in Sources */,
				611BD4B827E6DD5F007D5C79 /* PropertyCell.swift in Sources */,
				2090811827CA4F56005A1573 /* HomeViewController.swift in Sources */,
				614329592862F273008BDCC9 /* FeedListCell.swift in Sources */,
				61A8DC50287E9120000512EC /* CommentRouter.swift in Sources */,
				616EB095289230CB001BD18C /* ReactHeaderReusableView.swift in Sources */,
				614329572862EFF1008BDCC9 /* FeedListViewController.swift in Sources */,
			);
			runOnlyForDeploymentPostprocessing = 0;
		};
/* End PBXSourcesBuildPhase section */

/* Begin PBXVariantGroup section */
		61FC60F327B9244F00A51DBC /* LaunchScreen.storyboard */ = {
			isa = PBXVariantGroup;
			children = (
				61FC60F427B9244F00A51DBC /* Base */,
			);
			name = LaunchScreen.storyboard;
			sourceTree = "<group>";
		};
/* End PBXVariantGroup section */

/* Begin XCBuildConfiguration section */
		61FC60F727B9244F00A51DBC /* Debug */ = {
			isa = XCBuildConfiguration;
			buildSettings = {
				ALWAYS_SEARCH_USER_PATHS = NO;
				CLANG_ANALYZER_NONNULL = YES;
				CLANG_ANALYZER_NUMBER_OBJECT_CONVERSION = YES_AGGRESSIVE;
				CLANG_CXX_LANGUAGE_STANDARD = "gnu++17";
				CLANG_CXX_LIBRARY = "libc++";
				CLANG_ENABLE_MODULES = YES;
				CLANG_ENABLE_OBJC_ARC = YES;
				CLANG_ENABLE_OBJC_WEAK = YES;
				CLANG_WARN_BLOCK_CAPTURE_AUTORELEASING = YES;
				CLANG_WARN_BOOL_CONVERSION = YES;
				CLANG_WARN_COMMA = YES;
				CLANG_WARN_CONSTANT_CONVERSION = YES;
				CLANG_WARN_DEPRECATED_OBJC_IMPLEMENTATIONS = YES;
				CLANG_WARN_DIRECT_OBJC_ISA_USAGE = YES_ERROR;
				CLANG_WARN_DOCUMENTATION_COMMENTS = YES;
				CLANG_WARN_EMPTY_BODY = YES;
				CLANG_WARN_ENUM_CONVERSION = YES;
				CLANG_WARN_INFINITE_RECURSION = YES;
				CLANG_WARN_INT_CONVERSION = YES;
				CLANG_WARN_NON_LITERAL_NULL_CONVERSION = YES;
				CLANG_WARN_OBJC_IMPLICIT_RETAIN_SELF = YES;
				CLANG_WARN_OBJC_LITERAL_CONVERSION = YES;
				CLANG_WARN_OBJC_ROOT_CLASS = YES_ERROR;
				CLANG_WARN_QUOTED_INCLUDE_IN_FRAMEWORK_HEADER = YES;
				CLANG_WARN_RANGE_LOOP_ANALYSIS = YES;
				CLANG_WARN_STRICT_PROTOTYPES = YES;
				CLANG_WARN_SUSPICIOUS_MOVE = YES;
				CLANG_WARN_UNGUARDED_AVAILABILITY = YES_AGGRESSIVE;
				CLANG_WARN_UNREACHABLE_CODE = YES;
				CLANG_WARN__DUPLICATE_METHOD_MATCH = YES;
				COPY_PHASE_STRIP = NO;
				DEBUG_INFORMATION_FORMAT = dwarf;
				ENABLE_STRICT_OBJC_MSGSEND = YES;
				ENABLE_TESTABILITY = YES;
				GCC_C_LANGUAGE_STANDARD = gnu11;
				GCC_DYNAMIC_NO_PIC = NO;
				GCC_NO_COMMON_BLOCKS = YES;
				GCC_OPTIMIZATION_LEVEL = 0;
				GCC_PREPROCESSOR_DEFINITIONS = (
					"DEBUG=1",
					"$(inherited)",
				);
				GCC_WARN_64_TO_32_BIT_CONVERSION = YES;
				GCC_WARN_ABOUT_RETURN_TYPE = YES_ERROR;
				GCC_WARN_UNDECLARED_SELECTOR = YES;
				GCC_WARN_UNINITIALIZED_AUTOS = YES_AGGRESSIVE;
				GCC_WARN_UNUSED_FUNCTION = YES;
				GCC_WARN_UNUSED_VARIABLE = YES;
				IPHONEOS_DEPLOYMENT_TARGET = 15.0;
				MTL_ENABLE_DEBUG_INFO = INCLUDE_SOURCE;
				MTL_FAST_MATH = YES;
				ONLY_ACTIVE_ARCH = YES;
				SDKROOT = iphoneos;
				SWIFT_ACTIVE_COMPILATION_CONDITIONS = DEBUG;
				SWIFT_OPTIMIZATION_LEVEL = "-Onone";
			};
			name = Debug;
		};
		61FC60F827B9244F00A51DBC /* Release */ = {
			isa = XCBuildConfiguration;
			buildSettings = {
				ALWAYS_SEARCH_USER_PATHS = NO;
				CLANG_ANALYZER_NONNULL = YES;
				CLANG_ANALYZER_NUMBER_OBJECT_CONVERSION = YES_AGGRESSIVE;
				CLANG_CXX_LANGUAGE_STANDARD = "gnu++17";
				CLANG_CXX_LIBRARY = "libc++";
				CLANG_ENABLE_MODULES = YES;
				CLANG_ENABLE_OBJC_ARC = YES;
				CLANG_ENABLE_OBJC_WEAK = YES;
				CLANG_WARN_BLOCK_CAPTURE_AUTORELEASING = YES;
				CLANG_WARN_BOOL_CONVERSION = YES;
				CLANG_WARN_COMMA = YES;
				CLANG_WARN_CONSTANT_CONVERSION = YES;
				CLANG_WARN_DEPRECATED_OBJC_IMPLEMENTATIONS = YES;
				CLANG_WARN_DIRECT_OBJC_ISA_USAGE = YES_ERROR;
				CLANG_WARN_DOCUMENTATION_COMMENTS = YES;
				CLANG_WARN_EMPTY_BODY = YES;
				CLANG_WARN_ENUM_CONVERSION = YES;
				CLANG_WARN_INFINITE_RECURSION = YES;
				CLANG_WARN_INT_CONVERSION = YES;
				CLANG_WARN_NON_LITERAL_NULL_CONVERSION = YES;
				CLANG_WARN_OBJC_IMPLICIT_RETAIN_SELF = YES;
				CLANG_WARN_OBJC_LITERAL_CONVERSION = YES;
				CLANG_WARN_OBJC_ROOT_CLASS = YES_ERROR;
				CLANG_WARN_QUOTED_INCLUDE_IN_FRAMEWORK_HEADER = YES;
				CLANG_WARN_RANGE_LOOP_ANALYSIS = YES;
				CLANG_WARN_STRICT_PROTOTYPES = YES;
				CLANG_WARN_SUSPICIOUS_MOVE = YES;
				CLANG_WARN_UNGUARDED_AVAILABILITY = YES_AGGRESSIVE;
				CLANG_WARN_UNREACHABLE_CODE = YES;
				CLANG_WARN__DUPLICATE_METHOD_MATCH = YES;
				COPY_PHASE_STRIP = NO;
				DEBUG_INFORMATION_FORMAT = "dwarf-with-dsym";
				ENABLE_NS_ASSERTIONS = NO;
				ENABLE_STRICT_OBJC_MSGSEND = YES;
				GCC_C_LANGUAGE_STANDARD = gnu11;
				GCC_NO_COMMON_BLOCKS = YES;
				GCC_WARN_64_TO_32_BIT_CONVERSION = YES;
				GCC_WARN_ABOUT_RETURN_TYPE = YES_ERROR;
				GCC_WARN_UNDECLARED_SELECTOR = YES;
				GCC_WARN_UNINITIALIZED_AUTOS = YES_AGGRESSIVE;
				GCC_WARN_UNUSED_FUNCTION = YES;
				GCC_WARN_UNUSED_VARIABLE = YES;
				IPHONEOS_DEPLOYMENT_TARGET = 15.0;
				MTL_ENABLE_DEBUG_INFO = NO;
				MTL_FAST_MATH = YES;
				SDKROOT = iphoneos;
				SWIFT_COMPILATION_MODE = wholemodule;
				SWIFT_OPTIMIZATION_LEVEL = "-O";
				VALIDATE_PRODUCT = YES;
			};
			name = Release;
		};
		61FC60FA27B9244F00A51DBC /* Debug */ = {
			isa = XCBuildConfiguration;
			baseConfigurationReference = F95EE5C096DDECBD9C94AB97 /* Pods-KnockKnock-iOS.debug.xcconfig */;
			buildSettings = {
				ASSETCATALOG_COMPILER_APPICON_NAME = AppIcon;
				ASSETCATALOG_COMPILER_GLOBAL_ACCENT_COLOR_NAME = AccentColor;
				CODE_SIGN_STYLE = Automatic;
				CURRENT_PROJECT_VERSION = 1;
				DEVELOPMENT_TEAM = R4HW69RLJ5;
				GENERATE_INFOPLIST_FILE = YES;
				INFOPLIST_FILE = "KnockKnock-iOS/Info.plist";
				INFOPLIST_KEY_NSCameraUsageDescription = "사진 촬영을 위해 카메라 접근 권한이 필요합니다.";
				INFOPLIST_KEY_NSPhotoLibraryUsageDescription = "사진을 불러오기 위하여 갤러리 접근 권한이 필요합니다.";
				INFOPLIST_KEY_UIApplicationSupportsIndirectInputEvents = YES;
				INFOPLIST_KEY_UILaunchStoryboardName = LaunchScreen;
				INFOPLIST_KEY_UISupportedInterfaceOrientations_iPad = "UIInterfaceOrientationPortrait UIInterfaceOrientationPortraitUpsideDown UIInterfaceOrientationLandscapeLeft UIInterfaceOrientationLandscapeRight";
				INFOPLIST_KEY_UISupportedInterfaceOrientations_iPhone = "UIInterfaceOrientationPortrait UIInterfaceOrientationLandscapeLeft UIInterfaceOrientationLandscapeRight";
				INFOPLIST_KEY_UIUserInterfaceStyle = Light;
				LD_RUNPATH_SEARCH_PATHS = (
					"$(inherited)",
					"@executable_path/Frameworks",
				);
				MARKETING_VERSION = 1.0;
				PRODUCT_BUNDLE_IDENTIFIER = "jjong.KnockKnock-iOS";
				PRODUCT_NAME = "$(TARGET_NAME)";
				SWIFT_EMIT_LOC_STRINGS = YES;
				SWIFT_VERSION = 5.0;
				TARGETED_DEVICE_FAMILY = "1,2";
			};
			name = Debug;
		};
		61FC60FB27B9244F00A51DBC /* Release */ = {
			isa = XCBuildConfiguration;
			baseConfigurationReference = 97189378AAEEBC8C2302B77B /* Pods-KnockKnock-iOS.release.xcconfig */;
			buildSettings = {
				ASSETCATALOG_COMPILER_APPICON_NAME = AppIcon;
				ASSETCATALOG_COMPILER_GLOBAL_ACCENT_COLOR_NAME = AccentColor;
				CODE_SIGN_STYLE = Automatic;
				CURRENT_PROJECT_VERSION = 1;
				DEVELOPMENT_TEAM = R4HW69RLJ5;
				GENERATE_INFOPLIST_FILE = YES;
				INFOPLIST_FILE = "KnockKnock-iOS/Info.plist";
				INFOPLIST_KEY_NSCameraUsageDescription = "사진 촬영을 위해 카메라 접근 권한이 필요합니다.";
				INFOPLIST_KEY_NSPhotoLibraryUsageDescription = "사진을 불러오기 위하여 갤러리 접근 권한이 필요합니다.";
				INFOPLIST_KEY_UIApplicationSupportsIndirectInputEvents = YES;
				INFOPLIST_KEY_UILaunchStoryboardName = LaunchScreen;
				INFOPLIST_KEY_UISupportedInterfaceOrientations_iPad = "UIInterfaceOrientationPortrait UIInterfaceOrientationPortraitUpsideDown UIInterfaceOrientationLandscapeLeft UIInterfaceOrientationLandscapeRight";
				INFOPLIST_KEY_UISupportedInterfaceOrientations_iPhone = "UIInterfaceOrientationPortrait UIInterfaceOrientationLandscapeLeft UIInterfaceOrientationLandscapeRight";
				INFOPLIST_KEY_UIUserInterfaceStyle = Light;
				LD_RUNPATH_SEARCH_PATHS = (
					"$(inherited)",
					"@executable_path/Frameworks",
				);
				MARKETING_VERSION = 1.0;
				PRODUCT_BUNDLE_IDENTIFIER = "jjong.KnockKnock-iOS";
				PRODUCT_NAME = "$(TARGET_NAME)";
				SWIFT_EMIT_LOC_STRINGS = YES;
				SWIFT_VERSION = 5.0;
				TARGETED_DEVICE_FAMILY = "1,2";
			};
			name = Release;
		};
/* End XCBuildConfiguration section */

/* Begin XCConfigurationList section */
		61FC60E027B9244D00A51DBC /* Build configuration list for PBXProject "KnockKnock-iOS" */ = {
			isa = XCConfigurationList;
			buildConfigurations = (
				61FC60F727B9244F00A51DBC /* Debug */,
				61FC60F827B9244F00A51DBC /* Release */,
			);
			defaultConfigurationIsVisible = 0;
			defaultConfigurationName = Release;
		};
		61FC60F927B9244F00A51DBC /* Build configuration list for PBXNativeTarget "KnockKnock-iOS" */ = {
			isa = XCConfigurationList;
			buildConfigurations = (
				61FC60FA27B9244F00A51DBC /* Debug */,
				61FC60FB27B9244F00A51DBC /* Release */,
			);
			defaultConfigurationIsVisible = 0;
			defaultConfigurationName = Release;
		};
/* End XCConfigurationList section */

/* Begin XCRemoteSwiftPackageReference section */
		613856D4289900FE00BE347E /* XCRemoteSwiftPackageReference "SnapKit" */ = {
			isa = XCRemoteSwiftPackageReference;
			repositoryURL = "https://github.com/Snapkit/SnapKit.git";
			requirement = {
				kind = upToNextMajorVersion;
				minimumVersion = 5.0.0;
			};
		};
/* End XCRemoteSwiftPackageReference section */

/* Begin XCSwiftPackageProductDependency section */
		20AF1006285F2C74005C73EC /* KKDSKit */ = {
			isa = XCSwiftPackageProductDependency;
			productName = KKDSKit;
		};
		613856D5289900FE00BE347E /* SnapKit */ = {
			isa = XCSwiftPackageProductDependency;
			package = 613856D4289900FE00BE347E /* XCRemoteSwiftPackageReference "SnapKit" */;
			productName = SnapKit;
		};
/* End XCSwiftPackageProductDependency section */
	};
	rootObject = 61FC60DD27B9244D00A51DBC /* Project object */;
}
